
Microsoft Visual Studio Solution File, Format Version 12.00
# Visual Studio 2012
Project("{FAE04EC0-301F-11D3-BF4B-00C04F79EFBC}") = "TLO WCF Service1", "TLO WCF Service1\TLO WCF Service1.csproj", "{F69D461C-689A-4EFB-84C1-D791DEE49346}"
EndProject
Global
	GlobalSection(SolutionConfigurationPlatforms) = preSolution
		Debug|Any CPU = Debug|Any CPU
		Release|Any CPU = Release|Any CPU
	EndGlobalSection
	GlobalSection(ProjectConfigurationPlatforms) = postSolution
		{F69D461C-689A-4EFB-84C1-D791DEE49346}.Debug|Any CPU.ActiveCfg = Debug|Any CPU
		{F69D461C-689A-4EFB-84C1-D791DEE49346}.Debug|Any CPU.Build.0 = Debug|Any CPU
		{F69D461C-689A-4EFB-84C1-D791DEE49346}.Release|Any CPU.ActiveCfg = Release|Any CPU
		{F69D461C-689A-4EFB-84C1-D791DEE49346}.Release|Any CPU.Build.0 = Release|Any CPU
	EndGlobalSection
	GlobalSection(SolutionProperties) = preSolution
		HideSolutionNode = FALSE
	EndGlobalSection
EndGlobal
