Microsoft Visual Studio Solution File, Format Version 12.00
# Visual Studio Version 16
VisualStudioVersion = 16.0.28803.156
MinimumVisualStudioVersion = 10.0.40219.1
Project("{2150E333-8FDC-42A3-9474-1A3956D46DE8}") = "Solution Items", "Solution Items", "{6B399EB5-5A92-4122-9480-64A4945AEF6A}"
	ProjectSection(SolutionItems) = preProject
		AssemblyVersioning.cs = AssemblyVersioning.cs
		..\azure-pipelines.yml = ..\azure-pipelines.yml
		README.md = README.md
	EndProjectSection
EndProject
Project("{9A19103F-16F7-4668-BE54-9A1E7A4F7556}") = "SqlSync.SqlBuild", "SqlSync.SqlBuild\SqlSync.SqlBuild.csproj", "{9B495B5F-1578-482B-8CF7-615B04D3AE2A}"
EndProject
Project("{9A19103F-16F7-4668-BE54-9A1E7A4F7556}") = "SqlSync.Connection", "SqlSync.Connection\SqlSync.Connection.csproj", "{F3F1EFFF-265E-4995-958B-9763F947E5C8}"
EndProject
Project("{9A19103F-16F7-4668-BE54-9A1E7A4F7556}") = "SqlSync.ObjectScript", "SqlSync.ObjectScript\SqlSync.ObjectScript.csproj", "{CD09B7DB-851B-4321-9E21-16948DA7FA07}"
EndProject
Project("{9A19103F-16F7-4668-BE54-9A1E7A4F7556}") = "SqlSync.Constants", "SqlSync.Constants\SqlSync.Constants.csproj", "{D68699E6-B97C-4BC4-AD52-5F3C63DB24A7}"
EndProject
Project("{9A19103F-16F7-4668-BE54-9A1E7A4F7556}") = "SqlSync.DbInformation", "SqlSync.DbInformation\SqlSync.DbInformation.csproj", "{37A22666-195A-4CBB-A541-CFFBFB9D7905}"
EndProject
Project("{9A19103F-16F7-4668-BE54-9A1E7A4F7556}") = "SqlBuildManager.Console", "SqlBuildManager.Console\SqlBuildManager.Console.csproj", "{E4496045-D324-4297-BE19-EBE664129C71}"
EndProject
Project("{9A19103F-16F7-4668-BE54-9A1E7A4F7556}") = "SqlBuildManager.ScriptHandling", "SqlBuildManager.ScriptHandling\SqlBuildManager.ScriptHandling.csproj", "{AEBC2C93-C00E-4F48-8C83-0F69417F0C25}"
EndProject
Project("{9A19103F-16F7-4668-BE54-9A1E7A4F7556}") = "SqlBuildManager.Interfaces", "SqlBuildManager.Interfaces\SqlBuildManager.Interfaces.csproj", "{FDC576E6-ACC8-41D4-8A56-8E6E00221306}"
EndProject
Project("{9A19103F-16F7-4668-BE54-9A1E7A4F7556}") = "SqlBuildManager.Enterprise", "SqlBuildManager.Enterprise\SqlBuildManager.Enterprise.csproj", "{15497702-FB61-4316-949B-A8ED2EEC694A}"
EndProject
Project("{9A19103F-16F7-4668-BE54-9A1E7A4F7556}") = "SqlBuildManager.Logging", "SqlBuildManager.Logging\SqlBuildManager.Logging.csproj", "{C9DE9821-BA13-4528-B149-A3E990530AAD}"
EndProject
Global
	GlobalSection(SolutionConfigurationPlatforms) = preSolution
		CD_ROM|.NET = CD_ROM|.NET
		CD_ROM|Any CPU = CD_ROM|Any CPU
		CD_ROM|Mixed Platforms = CD_ROM|Mixed Platforms
		CD_ROM|x64 = CD_ROM|x64
		CD_ROM|x86 = CD_ROM|x86
		Debug|.NET = Debug|.NET
		Debug|Any CPU = Debug|Any CPU
		Debug|Mixed Platforms = Debug|Mixed Platforms
		Debug|x64 = Debug|x64
		Debug|x86 = Debug|x86
		DevOpsBuild|.NET = DevOpsBuild|.NET
		DevOpsBuild|Any CPU = DevOpsBuild|Any CPU
		DevOpsBuild|Mixed Platforms = DevOpsBuild|Mixed Platforms
		DevOpsBuild|x64 = DevOpsBuild|x64
		DevOpsBuild|x86 = DevOpsBuild|x86
		DVD-5|.NET = DVD-5|.NET
		DVD-5|Any CPU = DVD-5|Any CPU
		DVD-5|Mixed Platforms = DVD-5|Mixed Platforms
		DVD-5|x64 = DVD-5|x64
		DVD-5|x86 = DVD-5|x86
		Release|.NET = Release|.NET
		Release|Any CPU = Release|Any CPU
		Release|Mixed Platforms = Release|Mixed Platforms
		Release|x64 = Release|x64
		Release|x86 = Release|x86
		SingleImage|.NET = SingleImage|.NET
		SingleImage|Any CPU = SingleImage|Any CPU
		SingleImage|Mixed Platforms = SingleImage|Mixed Platforms
		SingleImage|x64 = SingleImage|x64
		SingleImage|x86 = SingleImage|x86
	EndGlobalSection
	GlobalSection(ProjectConfigurationPlatforms) = postSolution
		{9B495B5F-1578-482B-8CF7-615B04D3AE2A}.CD_ROM|.NET.ActiveCfg = Release|Any CPU
		{9B495B5F-1578-482B-8CF7-615B04D3AE2A}.CD_ROM|Any CPU.ActiveCfg = Release|Any CPU
		{9B495B5F-1578-482B-8CF7-615B04D3AE2A}.CD_ROM|Any CPU.Build.0 = Release|Any CPU
		{9B495B5F-1578-482B-8CF7-615B04D3AE2A}.CD_ROM|Mixed Platforms.ActiveCfg = Release|Any CPU
		{9B495B5F-1578-482B-8CF7-615B04D3AE2A}.CD_ROM|Mixed Platforms.Build.0 = Release|Any CPU
		{9B495B5F-1578-482B-8CF7-615B04D3AE2A}.CD_ROM|x64.ActiveCfg = Debug|Any CPU
		{9B495B5F-1578-482B-8CF7-615B04D3AE2A}.CD_ROM|x64.Build.0 = Debug|Any CPU
		{9B495B5F-1578-482B-8CF7-615B04D3AE2A}.CD_ROM|x86.ActiveCfg = Release|Any CPU
		{9B495B5F-1578-482B-8CF7-615B04D3AE2A}.Debug|.NET.ActiveCfg = Debug|Any CPU
		{9B495B5F-1578-482B-8CF7-615B04D3AE2A}.Debug|.NET.Build.0 = Debug|Any CPU
		{9B495B5F-1578-482B-8CF7-615B04D3AE2A}.Debug|Any CPU.ActiveCfg = Debug|Any CPU
		{9B495B5F-1578-482B-8CF7-615B04D3AE2A}.Debug|Any CPU.Build.0 = Debug|Any CPU
		{9B495B5F-1578-482B-8CF7-615B04D3AE2A}.Debug|Mixed Platforms.ActiveCfg = Debug|Any CPU
		{9B495B5F-1578-482B-8CF7-615B04D3AE2A}.Debug|Mixed Platforms.Build.0 = Debug|Any CPU
		{9B495B5F-1578-482B-8CF7-615B04D3AE2A}.Debug|x64.ActiveCfg = Debug|Any CPU
		{9B495B5F-1578-482B-8CF7-615B04D3AE2A}.Debug|x64.Build.0 = Debug|Any CPU
		{9B495B5F-1578-482B-8CF7-615B04D3AE2A}.Debug|x86.ActiveCfg = Debug|Any CPU
		{9B495B5F-1578-482B-8CF7-615B04D3AE2A}.DevOpsBuild|.NET.ActiveCfg = DevOpsBuild|Any CPU
		{9B495B5F-1578-482B-8CF7-615B04D3AE2A}.DevOpsBuild|.NET.Build.0 = DevOpsBuild|Any CPU
		{9B495B5F-1578-482B-8CF7-615B04D3AE2A}.DevOpsBuild|Any CPU.ActiveCfg = DevOpsBuild|Any CPU
		{9B495B5F-1578-482B-8CF7-615B04D3AE2A}.DevOpsBuild|Any CPU.Build.0 = DevOpsBuild|Any CPU
		{9B495B5F-1578-482B-8CF7-615B04D3AE2A}.DevOpsBuild|Mixed Platforms.ActiveCfg = DevOpsBuild|Any CPU
		{9B495B5F-1578-482B-8CF7-615B04D3AE2A}.DevOpsBuild|Mixed Platforms.Build.0 = DevOpsBuild|Any CPU
		{9B495B5F-1578-482B-8CF7-615B04D3AE2A}.DevOpsBuild|x64.ActiveCfg = DevOpsBuild|Any CPU
		{9B495B5F-1578-482B-8CF7-615B04D3AE2A}.DevOpsBuild|x64.Build.0 = DevOpsBuild|Any CPU
		{9B495B5F-1578-482B-8CF7-615B04D3AE2A}.DevOpsBuild|x86.ActiveCfg = DevOpsBuild|Any CPU
		{9B495B5F-1578-482B-8CF7-615B04D3AE2A}.DevOpsBuild|x86.Build.0 = DevOpsBuild|Any CPU
		{9B495B5F-1578-482B-8CF7-615B04D3AE2A}.DVD-5|.NET.ActiveCfg = Debug|Any CPU
		{9B495B5F-1578-482B-8CF7-615B04D3AE2A}.DVD-5|Any CPU.ActiveCfg = Debug|Any CPU
		{9B495B5F-1578-482B-8CF7-615B04D3AE2A}.DVD-5|Any CPU.Build.0 = Debug|Any CPU
		{9B495B5F-1578-482B-8CF7-615B04D3AE2A}.DVD-5|Mixed Platforms.ActiveCfg = Debug|Any CPU
		{9B495B5F-1578-482B-8CF7-615B04D3AE2A}.DVD-5|Mixed Platforms.Build.0 = Debug|Any CPU
		{9B495B5F-1578-482B-8CF7-615B04D3AE2A}.DVD-5|x64.ActiveCfg = Debug|Any CPU
		{9B495B5F-1578-482B-8CF7-615B04D3AE2A}.DVD-5|x64.Build.0 = Debug|Any CPU
		{9B495B5F-1578-482B-8CF7-615B04D3AE2A}.DVD-5|x86.ActiveCfg = Debug|Any CPU
		{9B495B5F-1578-482B-8CF7-615B04D3AE2A}.Release|.NET.ActiveCfg = Release|Any CPU
		{9B495B5F-1578-482B-8CF7-615B04D3AE2A}.Release|.NET.Build.0 = Release|Any CPU
		{9B495B5F-1578-482B-8CF7-615B04D3AE2A}.Release|Any CPU.ActiveCfg = Release|Any CPU
		{9B495B5F-1578-482B-8CF7-615B04D3AE2A}.Release|Any CPU.Build.0 = Release|Any CPU
		{9B495B5F-1578-482B-8CF7-615B04D3AE2A}.Release|Mixed Platforms.ActiveCfg = Release|Any CPU
		{9B495B5F-1578-482B-8CF7-615B04D3AE2A}.Release|Mixed Platforms.Build.0 = Release|Any CPU
		{9B495B5F-1578-482B-8CF7-615B04D3AE2A}.Release|x64.ActiveCfg = Release|Any CPU
		{9B495B5F-1578-482B-8CF7-615B04D3AE2A}.Release|x64.Build.0 = Release|Any CPU
		{9B495B5F-1578-482B-8CF7-615B04D3AE2A}.Release|x86.ActiveCfg = Release|Any CPU
		{9B495B5F-1578-482B-8CF7-615B04D3AE2A}.SingleImage|.NET.ActiveCfg = Release|Any CPU
		{9B495B5F-1578-482B-8CF7-615B04D3AE2A}.SingleImage|Any CPU.ActiveCfg = Release|Any CPU
		{9B495B5F-1578-482B-8CF7-615B04D3AE2A}.SingleImage|Any CPU.Build.0 = Release|Any CPU
		{9B495B5F-1578-482B-8CF7-615B04D3AE2A}.SingleImage|Mixed Platforms.ActiveCfg = Release|Any CPU
		{9B495B5F-1578-482B-8CF7-615B04D3AE2A}.SingleImage|Mixed Platforms.Build.0 = Release|Any CPU
		{9B495B5F-1578-482B-8CF7-615B04D3AE2A}.SingleImage|x64.ActiveCfg = Debug|Any CPU
		{9B495B5F-1578-482B-8CF7-615B04D3AE2A}.SingleImage|x64.Build.0 = Debug|Any CPU
		{9B495B5F-1578-482B-8CF7-615B04D3AE2A}.SingleImage|x86.ActiveCfg = Release|Any CPU
		{F3F1EFFF-265E-4995-958B-9763F947E5C8}.CD_ROM|.NET.ActiveCfg = Release|Any CPU
		{F3F1EFFF-265E-4995-958B-9763F947E5C8}.CD_ROM|Any CPU.ActiveCfg = Release|Any CPU
		{F3F1EFFF-265E-4995-958B-9763F947E5C8}.CD_ROM|Any CPU.Build.0 = Release|Any CPU
		{F3F1EFFF-265E-4995-958B-9763F947E5C8}.CD_ROM|Mixed Platforms.ActiveCfg = Release|Any CPU
		{F3F1EFFF-265E-4995-958B-9763F947E5C8}.CD_ROM|Mixed Platforms.Build.0 = Release|Any CPU
		{F3F1EFFF-265E-4995-958B-9763F947E5C8}.CD_ROM|x64.ActiveCfg = Debug|Any CPU
		{F3F1EFFF-265E-4995-958B-9763F947E5C8}.CD_ROM|x64.Build.0 = Debug|Any CPU
		{F3F1EFFF-265E-4995-958B-9763F947E5C8}.CD_ROM|x86.ActiveCfg = Release|Any CPU
		{F3F1EFFF-265E-4995-958B-9763F947E5C8}.Debug|.NET.ActiveCfg = Debug|Any CPU
		{F3F1EFFF-265E-4995-958B-9763F947E5C8}.Debug|.NET.Build.0 = Debug|Any CPU
		{F3F1EFFF-265E-4995-958B-9763F947E5C8}.Debug|Any CPU.ActiveCfg = Debug|Any CPU
		{F3F1EFFF-265E-4995-958B-9763F947E5C8}.Debug|Any CPU.Build.0 = Debug|Any CPU
		{F3F1EFFF-265E-4995-958B-9763F947E5C8}.Debug|Mixed Platforms.ActiveCfg = Debug|Any CPU
		{F3F1EFFF-265E-4995-958B-9763F947E5C8}.Debug|Mixed Platforms.Build.0 = Debug|Any CPU
		{F3F1EFFF-265E-4995-958B-9763F947E5C8}.Debug|x64.ActiveCfg = Debug|Any CPU
		{F3F1EFFF-265E-4995-958B-9763F947E5C8}.Debug|x64.Build.0 = Debug|Any CPU
		{F3F1EFFF-265E-4995-958B-9763F947E5C8}.Debug|x86.ActiveCfg = Debug|Any CPU
		{F3F1EFFF-265E-4995-958B-9763F947E5C8}.DevOpsBuild|.NET.ActiveCfg = DevOpsBuild|Any CPU
		{F3F1EFFF-265E-4995-958B-9763F947E5C8}.DevOpsBuild|.NET.Build.0 = DevOpsBuild|Any CPU
		{F3F1EFFF-265E-4995-958B-9763F947E5C8}.DevOpsBuild|Any CPU.ActiveCfg = DevOpsBuild|Any CPU
		{F3F1EFFF-265E-4995-958B-9763F947E5C8}.DevOpsBuild|Any CPU.Build.0 = DevOpsBuild|Any CPU
		{F3F1EFFF-265E-4995-958B-9763F947E5C8}.DevOpsBuild|Mixed Platforms.ActiveCfg = DevOpsBuild|Any CPU
		{F3F1EFFF-265E-4995-958B-9763F947E5C8}.DevOpsBuild|Mixed Platforms.Build.0 = DevOpsBuild|Any CPU
		{F3F1EFFF-265E-4995-958B-9763F947E5C8}.DevOpsBuild|x64.ActiveCfg = DevOpsBuild|Any CPU
		{F3F1EFFF-265E-4995-958B-9763F947E5C8}.DevOpsBuild|x64.Build.0 = DevOpsBuild|Any CPU
		{F3F1EFFF-265E-4995-958B-9763F947E5C8}.DevOpsBuild|x86.ActiveCfg = DevOpsBuild|Any CPU
		{F3F1EFFF-265E-4995-958B-9763F947E5C8}.DevOpsBuild|x86.Build.0 = DevOpsBuild|Any CPU
		{F3F1EFFF-265E-4995-958B-9763F947E5C8}.DVD-5|.NET.ActiveCfg = Debug|Any CPU
		{F3F1EFFF-265E-4995-958B-9763F947E5C8}.DVD-5|Any CPU.ActiveCfg = Debug|Any CPU
		{F3F1EFFF-265E-4995-958B-9763F947E5C8}.DVD-5|Any CPU.Build.0 = Debug|Any CPU
		{F3F1EFFF-265E-4995-958B-9763F947E5C8}.DVD-5|Mixed Platforms.ActiveCfg = Debug|Any CPU
		{F3F1EFFF-265E-4995-958B-9763F947E5C8}.DVD-5|Mixed Platforms.Build.0 = Debug|Any CPU
		{F3F1EFFF-265E-4995-958B-9763F947E5C8}.DVD-5|x64.ActiveCfg = Debug|Any CPU
		{F3F1EFFF-265E-4995-958B-9763F947E5C8}.DVD-5|x64.Build.0 = Debug|Any CPU
		{F3F1EFFF-265E-4995-958B-9763F947E5C8}.DVD-5|x86.ActiveCfg = Debug|Any CPU
		{F3F1EFFF-265E-4995-958B-9763F947E5C8}.Release|.NET.ActiveCfg = Release|Any CPU
		{F3F1EFFF-265E-4995-958B-9763F947E5C8}.Release|.NET.Build.0 = Release|Any CPU
		{F3F1EFFF-265E-4995-958B-9763F947E5C8}.Release|Any CPU.ActiveCfg = Release|Any CPU
		{F3F1EFFF-265E-4995-958B-9763F947E5C8}.Release|Any CPU.Build.0 = Release|Any CPU
		{F3F1EFFF-265E-4995-958B-9763F947E5C8}.Release|Mixed Platforms.ActiveCfg = Release|Any CPU
		{F3F1EFFF-265E-4995-958B-9763F947E5C8}.Release|Mixed Platforms.Build.0 = Release|Any CPU
		{F3F1EFFF-265E-4995-958B-9763F947E5C8}.Release|x64.ActiveCfg = Release|Any CPU
		{F3F1EFFF-265E-4995-958B-9763F947E5C8}.Release|x64.Build.0 = Release|Any CPU
		{F3F1EFFF-265E-4995-958B-9763F947E5C8}.Release|x86.ActiveCfg = Release|Any CPU
		{F3F1EFFF-265E-4995-958B-9763F947E5C8}.SingleImage|.NET.ActiveCfg = Release|Any CPU
		{F3F1EFFF-265E-4995-958B-9763F947E5C8}.SingleImage|Any CPU.ActiveCfg = Release|Any CPU
		{F3F1EFFF-265E-4995-958B-9763F947E5C8}.SingleImage|Any CPU.Build.0 = Release|Any CPU
		{F3F1EFFF-265E-4995-958B-9763F947E5C8}.SingleImage|Mixed Platforms.ActiveCfg = Release|Any CPU
		{F3F1EFFF-265E-4995-958B-9763F947E5C8}.SingleImage|Mixed Platforms.Build.0 = Release|Any CPU
		{F3F1EFFF-265E-4995-958B-9763F947E5C8}.SingleImage|x64.ActiveCfg = Debug|Any CPU
		{F3F1EFFF-265E-4995-958B-9763F947E5C8}.SingleImage|x64.Build.0 = Debug|Any CPU
		{F3F1EFFF-265E-4995-958B-9763F947E5C8}.SingleImage|x86.ActiveCfg = Release|Any CPU
		{CD09B7DB-851B-4321-9E21-16948DA7FA07}.CD_ROM|.NET.ActiveCfg = Release|Any CPU
		{CD09B7DB-851B-4321-9E21-16948DA7FA07}.CD_ROM|Any CPU.ActiveCfg = Release|Any CPU
		{CD09B7DB-851B-4321-9E21-16948DA7FA07}.CD_ROM|Any CPU.Build.0 = Release|Any CPU
		{CD09B7DB-851B-4321-9E21-16948DA7FA07}.CD_ROM|Mixed Platforms.ActiveCfg = Release|Any CPU
		{CD09B7DB-851B-4321-9E21-16948DA7FA07}.CD_ROM|Mixed Platforms.Build.0 = Release|Any CPU
		{CD09B7DB-851B-4321-9E21-16948DA7FA07}.CD_ROM|x64.ActiveCfg = Debug|Any CPU
		{CD09B7DB-851B-4321-9E21-16948DA7FA07}.CD_ROM|x64.Build.0 = Debug|Any CPU
		{CD09B7DB-851B-4321-9E21-16948DA7FA07}.CD_ROM|x86.ActiveCfg = Release|Any CPU
		{CD09B7DB-851B-4321-9E21-16948DA7FA07}.Debug|.NET.ActiveCfg = Debug|Any CPU
		{CD09B7DB-851B-4321-9E21-16948DA7FA07}.Debug|.NET.Build.0 = Debug|Any CPU
		{CD09B7DB-851B-4321-9E21-16948DA7FA07}.Debug|Any CPU.ActiveCfg = Debug|Any CPU
		{CD09B7DB-851B-4321-9E21-16948DA7FA07}.Debug|Any CPU.Build.0 = Debug|Any CPU
		{CD09B7DB-851B-4321-9E21-16948DA7FA07}.Debug|Mixed Platforms.ActiveCfg = Debug|Any CPU
		{CD09B7DB-851B-4321-9E21-16948DA7FA07}.Debug|Mixed Platforms.Build.0 = Debug|Any CPU
		{CD09B7DB-851B-4321-9E21-16948DA7FA07}.Debug|x64.ActiveCfg = Debug|Any CPU
		{CD09B7DB-851B-4321-9E21-16948DA7FA07}.Debug|x64.Build.0 = Debug|Any CPU
		{CD09B7DB-851B-4321-9E21-16948DA7FA07}.Debug|x86.ActiveCfg = Debug|Any CPU
		{CD09B7DB-851B-4321-9E21-16948DA7FA07}.DevOpsBuild|.NET.ActiveCfg = DevOpsBuild|Any CPU
		{CD09B7DB-851B-4321-9E21-16948DA7FA07}.DevOpsBuild|.NET.Build.0 = DevOpsBuild|Any CPU
		{CD09B7DB-851B-4321-9E21-16948DA7FA07}.DevOpsBuild|Any CPU.ActiveCfg = DevOpsBuild|Any CPU
		{CD09B7DB-851B-4321-9E21-16948DA7FA07}.DevOpsBuild|Any CPU.Build.0 = DevOpsBuild|Any CPU
		{CD09B7DB-851B-4321-9E21-16948DA7FA07}.DevOpsBuild|Mixed Platforms.ActiveCfg = DevOpsBuild|Any CPU
		{CD09B7DB-851B-4321-9E21-16948DA7FA07}.DevOpsBuild|Mixed Platforms.Build.0 = DevOpsBuild|Any CPU
		{CD09B7DB-851B-4321-9E21-16948DA7FA07}.DevOpsBuild|x64.ActiveCfg = DevOpsBuild|Any CPU
		{CD09B7DB-851B-4321-9E21-16948DA7FA07}.DevOpsBuild|x64.Build.0 = DevOpsBuild|Any CPU
		{CD09B7DB-851B-4321-9E21-16948DA7FA07}.DevOpsBuild|x86.ActiveCfg = DevOpsBuild|Any CPU
		{CD09B7DB-851B-4321-9E21-16948DA7FA07}.DevOpsBuild|x86.Build.0 = DevOpsBuild|Any CPU
		{CD09B7DB-851B-4321-9E21-16948DA7FA07}.DVD-5|.NET.ActiveCfg = Debug|Any CPU
		{CD09B7DB-851B-4321-9E21-16948DA7FA07}.DVD-5|Any CPU.ActiveCfg = Debug|Any CPU
		{CD09B7DB-851B-4321-9E21-16948DA7FA07}.DVD-5|Any CPU.Build.0 = Debug|Any CPU
		{CD09B7DB-851B-4321-9E21-16948DA7FA07}.DVD-5|Mixed Platforms.ActiveCfg = Debug|Any CPU
		{CD09B7DB-851B-4321-9E21-16948DA7FA07}.DVD-5|Mixed Platforms.Build.0 = Debug|Any CPU
		{CD09B7DB-851B-4321-9E21-16948DA7FA07}.DVD-5|x64.ActiveCfg = Debug|Any CPU
		{CD09B7DB-851B-4321-9E21-16948DA7FA07}.DVD-5|x64.Build.0 = Debug|Any CPU
		{CD09B7DB-851B-4321-9E21-16948DA7FA07}.DVD-5|x86.ActiveCfg = Debug|Any CPU
		{CD09B7DB-851B-4321-9E21-16948DA7FA07}.Release|.NET.ActiveCfg = Release|Any CPU
		{CD09B7DB-851B-4321-9E21-16948DA7FA07}.Release|.NET.Build.0 = Release|Any CPU
		{CD09B7DB-851B-4321-9E21-16948DA7FA07}.Release|Any CPU.ActiveCfg = Release|Any CPU
		{CD09B7DB-851B-4321-9E21-16948DA7FA07}.Release|Any CPU.Build.0 = Release|Any CPU
		{CD09B7DB-851B-4321-9E21-16948DA7FA07}.Release|Mixed Platforms.ActiveCfg = Release|Any CPU
		{CD09B7DB-851B-4321-9E21-16948DA7FA07}.Release|Mixed Platforms.Build.0 = Release|Any CPU
		{CD09B7DB-851B-4321-9E21-16948DA7FA07}.Release|x64.ActiveCfg = Release|Any CPU
		{CD09B7DB-851B-4321-9E21-16948DA7FA07}.Release|x64.Build.0 = Release|Any CPU
		{CD09B7DB-851B-4321-9E21-16948DA7FA07}.Release|x86.ActiveCfg = Release|Any CPU
		{CD09B7DB-851B-4321-9E21-16948DA7FA07}.SingleImage|.NET.ActiveCfg = Release|Any CPU
		{CD09B7DB-851B-4321-9E21-16948DA7FA07}.SingleImage|Any CPU.ActiveCfg = Release|Any CPU
		{CD09B7DB-851B-4321-9E21-16948DA7FA07}.SingleImage|Any CPU.Build.0 = Release|Any CPU
		{CD09B7DB-851B-4321-9E21-16948DA7FA07}.SingleImage|Mixed Platforms.ActiveCfg = Release|Any CPU
		{CD09B7DB-851B-4321-9E21-16948DA7FA07}.SingleImage|Mixed Platforms.Build.0 = Release|Any CPU
		{CD09B7DB-851B-4321-9E21-16948DA7FA07}.SingleImage|x64.ActiveCfg = Debug|Any CPU
		{CD09B7DB-851B-4321-9E21-16948DA7FA07}.SingleImage|x64.Build.0 = Debug|Any CPU
		{CD09B7DB-851B-4321-9E21-16948DA7FA07}.SingleImage|x86.ActiveCfg = Release|Any CPU
		{D68699E6-B97C-4BC4-AD52-5F3C63DB24A7}.CD_ROM|.NET.ActiveCfg = Release|Any CPU
		{D68699E6-B97C-4BC4-AD52-5F3C63DB24A7}.CD_ROM|Any CPU.ActiveCfg = Release|Any CPU
		{D68699E6-B97C-4BC4-AD52-5F3C63DB24A7}.CD_ROM|Any CPU.Build.0 = Release|Any CPU
		{D68699E6-B97C-4BC4-AD52-5F3C63DB24A7}.CD_ROM|Mixed Platforms.ActiveCfg = Release|Any CPU
		{D68699E6-B97C-4BC4-AD52-5F3C63DB24A7}.CD_ROM|Mixed Platforms.Build.0 = Release|Any CPU
		{D68699E6-B97C-4BC4-AD52-5F3C63DB24A7}.CD_ROM|x64.ActiveCfg = Debug|Any CPU
		{D68699E6-B97C-4BC4-AD52-5F3C63DB24A7}.CD_ROM|x64.Build.0 = Debug|Any CPU
		{D68699E6-B97C-4BC4-AD52-5F3C63DB24A7}.CD_ROM|x86.ActiveCfg = Release|Any CPU
		{D68699E6-B97C-4BC4-AD52-5F3C63DB24A7}.Debug|.NET.ActiveCfg = Debug|Any CPU
		{D68699E6-B97C-4BC4-AD52-5F3C63DB24A7}.Debug|.NET.Build.0 = Debug|Any CPU
		{D68699E6-B97C-4BC4-AD52-5F3C63DB24A7}.Debug|Any CPU.ActiveCfg = Debug|Any CPU
		{D68699E6-B97C-4BC4-AD52-5F3C63DB24A7}.Debug|Any CPU.Build.0 = Debug|Any CPU
		{D68699E6-B97C-4BC4-AD52-5F3C63DB24A7}.Debug|Mixed Platforms.ActiveCfg = Debug|Any CPU
		{D68699E6-B97C-4BC4-AD52-5F3C63DB24A7}.Debug|Mixed Platforms.Build.0 = Debug|Any CPU
		{D68699E6-B97C-4BC4-AD52-5F3C63DB24A7}.Debug|x64.ActiveCfg = Debug|Any CPU
		{D68699E6-B97C-4BC4-AD52-5F3C63DB24A7}.Debug|x64.Build.0 = Debug|Any CPU
		{D68699E6-B97C-4BC4-AD52-5F3C63DB24A7}.Debug|x86.ActiveCfg = Debug|Any CPU
		{D68699E6-B97C-4BC4-AD52-5F3C63DB24A7}.DevOpsBuild|.NET.ActiveCfg = DevOpsBuild|Any CPU
		{D68699E6-B97C-4BC4-AD52-5F3C63DB24A7}.DevOpsBuild|.NET.Build.0 = DevOpsBuild|Any CPU
		{D68699E6-B97C-4BC4-AD52-5F3C63DB24A7}.DevOpsBuild|Any CPU.ActiveCfg = DevOpsBuild|Any CPU
		{D68699E6-B97C-4BC4-AD52-5F3C63DB24A7}.DevOpsBuild|Any CPU.Build.0 = DevOpsBuild|Any CPU
		{D68699E6-B97C-4BC4-AD52-5F3C63DB24A7}.DevOpsBuild|Mixed Platforms.ActiveCfg = DevOpsBuild|Any CPU
		{D68699E6-B97C-4BC4-AD52-5F3C63DB24A7}.DevOpsBuild|Mixed Platforms.Build.0 = DevOpsBuild|Any CPU
		{D68699E6-B97C-4BC4-AD52-5F3C63DB24A7}.DevOpsBuild|x64.ActiveCfg = DevOpsBuild|Any CPU
		{D68699E6-B97C-4BC4-AD52-5F3C63DB24A7}.DevOpsBuild|x64.Build.0 = DevOpsBuild|Any CPU
		{D68699E6-B97C-4BC4-AD52-5F3C63DB24A7}.DevOpsBuild|x86.ActiveCfg = DevOpsBuild|Any CPU
		{D68699E6-B97C-4BC4-AD52-5F3C63DB24A7}.DevOpsBuild|x86.Build.0 = DevOpsBuild|Any CPU
		{D68699E6-B97C-4BC4-AD52-5F3C63DB24A7}.DVD-5|.NET.ActiveCfg = Debug|Any CPU
		{D68699E6-B97C-4BC4-AD52-5F3C63DB24A7}.DVD-5|Any CPU.ActiveCfg = Debug|Any CPU
		{D68699E6-B97C-4BC4-AD52-5F3C63DB24A7}.DVD-5|Any CPU.Build.0 = Debug|Any CPU
		{D68699E6-B97C-4BC4-AD52-5F3C63DB24A7}.DVD-5|Mixed Platforms.ActiveCfg = Debug|Any CPU
		{D68699E6-B97C-4BC4-AD52-5F3C63DB24A7}.DVD-5|Mixed Platforms.Build.0 = Debug|Any CPU
		{D68699E6-B97C-4BC4-AD52-5F3C63DB24A7}.DVD-5|x64.ActiveCfg = Debug|Any CPU
		{D68699E6-B97C-4BC4-AD52-5F3C63DB24A7}.DVD-5|x64.Build.0 = Debug|Any CPU
		{D68699E6-B97C-4BC4-AD52-5F3C63DB24A7}.DVD-5|x86.ActiveCfg = Debug|Any CPU
		{D68699E6-B97C-4BC4-AD52-5F3C63DB24A7}.Release|.NET.ActiveCfg = Release|Any CPU
		{D68699E6-B97C-4BC4-AD52-5F3C63DB24A7}.Release|.NET.Build.0 = Release|Any CPU
		{D68699E6-B97C-4BC4-AD52-5F3C63DB24A7}.Release|Any CPU.ActiveCfg = Release|Any CPU
		{D68699E6-B97C-4BC4-AD52-5F3C63DB24A7}.Release|Any CPU.Build.0 = Release|Any CPU
		{D68699E6-B97C-4BC4-AD52-5F3C63DB24A7}.Release|Mixed Platforms.ActiveCfg = Release|Any CPU
		{D68699E6-B97C-4BC4-AD52-5F3C63DB24A7}.Release|Mixed Platforms.Build.0 = Release|Any CPU
		{D68699E6-B97C-4BC4-AD52-5F3C63DB24A7}.Release|x64.ActiveCfg = Release|Any CPU
		{D68699E6-B97C-4BC4-AD52-5F3C63DB24A7}.Release|x64.Build.0 = Release|Any CPU
		{D68699E6-B97C-4BC4-AD52-5F3C63DB24A7}.Release|x86.ActiveCfg = Release|Any CPU
		{D68699E6-B97C-4BC4-AD52-5F3C63DB24A7}.SingleImage|.NET.ActiveCfg = Release|Any CPU
		{D68699E6-B97C-4BC4-AD52-5F3C63DB24A7}.SingleImage|Any CPU.ActiveCfg = Release|Any CPU
		{D68699E6-B97C-4BC4-AD52-5F3C63DB24A7}.SingleImage|Any CPU.Build.0 = Release|Any CPU
		{D68699E6-B97C-4BC4-AD52-5F3C63DB24A7}.SingleImage|Mixed Platforms.ActiveCfg = Release|Any CPU
		{D68699E6-B97C-4BC4-AD52-5F3C63DB24A7}.SingleImage|Mixed Platforms.Build.0 = Release|Any CPU
		{D68699E6-B97C-4BC4-AD52-5F3C63DB24A7}.SingleImage|x64.ActiveCfg = Debug|Any CPU
		{D68699E6-B97C-4BC4-AD52-5F3C63DB24A7}.SingleImage|x64.Build.0 = Debug|Any CPU
		{D68699E6-B97C-4BC4-AD52-5F3C63DB24A7}.SingleImage|x86.ActiveCfg = Release|Any CPU
		{37A22666-195A-4CBB-A541-CFFBFB9D7905}.CD_ROM|.NET.ActiveCfg = Release|Any CPU
		{37A22666-195A-4CBB-A541-CFFBFB9D7905}.CD_ROM|Any CPU.ActiveCfg = Release|Any CPU
		{37A22666-195A-4CBB-A541-CFFBFB9D7905}.CD_ROM|Any CPU.Build.0 = Release|Any CPU
		{37A22666-195A-4CBB-A541-CFFBFB9D7905}.CD_ROM|Mixed Platforms.ActiveCfg = Release|Any CPU
		{37A22666-195A-4CBB-A541-CFFBFB9D7905}.CD_ROM|Mixed Platforms.Build.0 = Release|Any CPU
		{37A22666-195A-4CBB-A541-CFFBFB9D7905}.CD_ROM|x64.ActiveCfg = Debug|Any CPU
		{37A22666-195A-4CBB-A541-CFFBFB9D7905}.CD_ROM|x64.Build.0 = Debug|Any CPU
		{37A22666-195A-4CBB-A541-CFFBFB9D7905}.CD_ROM|x86.ActiveCfg = Release|Any CPU
		{37A22666-195A-4CBB-A541-CFFBFB9D7905}.Debug|.NET.ActiveCfg = Debug|Any CPU
		{37A22666-195A-4CBB-A541-CFFBFB9D7905}.Debug|.NET.Build.0 = Debug|Any CPU
		{37A22666-195A-4CBB-A541-CFFBFB9D7905}.Debug|Any CPU.ActiveCfg = Debug|Any CPU
		{37A22666-195A-4CBB-A541-CFFBFB9D7905}.Debug|Any CPU.Build.0 = Debug|Any CPU
		{37A22666-195A-4CBB-A541-CFFBFB9D7905}.Debug|Mixed Platforms.ActiveCfg = Debug|Any CPU
		{37A22666-195A-4CBB-A541-CFFBFB9D7905}.Debug|Mixed Platforms.Build.0 = Debug|Any CPU
		{37A22666-195A-4CBB-A541-CFFBFB9D7905}.Debug|x64.ActiveCfg = Debug|Any CPU
		{37A22666-195A-4CBB-A541-CFFBFB9D7905}.Debug|x64.Build.0 = Debug|Any CPU
		{37A22666-195A-4CBB-A541-CFFBFB9D7905}.Debug|x86.ActiveCfg = Debug|Any CPU
		{37A22666-195A-4CBB-A541-CFFBFB9D7905}.DevOpsBuild|.NET.ActiveCfg = DevOpsBuild|Any CPU
		{37A22666-195A-4CBB-A541-CFFBFB9D7905}.DevOpsBuild|.NET.Build.0 = DevOpsBuild|Any CPU
		{37A22666-195A-4CBB-A541-CFFBFB9D7905}.DevOpsBuild|Any CPU.ActiveCfg = DevOpsBuild|Any CPU
		{37A22666-195A-4CBB-A541-CFFBFB9D7905}.DevOpsBuild|Any CPU.Build.0 = DevOpsBuild|Any CPU
		{37A22666-195A-4CBB-A541-CFFBFB9D7905}.DevOpsBuild|Mixed Platforms.ActiveCfg = DevOpsBuild|Any CPU
		{37A22666-195A-4CBB-A541-CFFBFB9D7905}.DevOpsBuild|Mixed Platforms.Build.0 = DevOpsBuild|Any CPU
		{37A22666-195A-4CBB-A541-CFFBFB9D7905}.DevOpsBuild|x64.ActiveCfg = DevOpsBuild|Any CPU
		{37A22666-195A-4CBB-A541-CFFBFB9D7905}.DevOpsBuild|x64.Build.0 = DevOpsBuild|Any CPU
		{37A22666-195A-4CBB-A541-CFFBFB9D7905}.DevOpsBuild|x86.ActiveCfg = DevOpsBuild|Any CPU
		{37A22666-195A-4CBB-A541-CFFBFB9D7905}.DevOpsBuild|x86.Build.0 = DevOpsBuild|Any CPU
		{37A22666-195A-4CBB-A541-CFFBFB9D7905}.DVD-5|.NET.ActiveCfg = Debug|Any CPU
		{37A22666-195A-4CBB-A541-CFFBFB9D7905}.DVD-5|Any CPU.ActiveCfg = Debug|Any CPU
		{37A22666-195A-4CBB-A541-CFFBFB9D7905}.DVD-5|Any CPU.Build.0 = Debug|Any CPU
		{37A22666-195A-4CBB-A541-CFFBFB9D7905}.DVD-5|Mixed Platforms.ActiveCfg = Debug|Any CPU
		{37A22666-195A-4CBB-A541-CFFBFB9D7905}.DVD-5|Mixed Platforms.Build.0 = Debug|Any CPU
		{37A22666-195A-4CBB-A541-CFFBFB9D7905}.DVD-5|x64.ActiveCfg = Debug|Any CPU
		{37A22666-195A-4CBB-A541-CFFBFB9D7905}.DVD-5|x64.Build.0 = Debug|Any CPU
		{37A22666-195A-4CBB-A541-CFFBFB9D7905}.DVD-5|x86.ActiveCfg = Debug|Any CPU
		{37A22666-195A-4CBB-A541-CFFBFB9D7905}.Release|.NET.ActiveCfg = Release|Any CPU
		{37A22666-195A-4CBB-A541-CFFBFB9D7905}.Release|.NET.Build.0 = Release|Any CPU
		{37A22666-195A-4CBB-A541-CFFBFB9D7905}.Release|Any CPU.ActiveCfg = Release|Any CPU
		{37A22666-195A-4CBB-A541-CFFBFB9D7905}.Release|Any CPU.Build.0 = Release|Any CPU
		{37A22666-195A-4CBB-A541-CFFBFB9D7905}.Release|Mixed Platforms.ActiveCfg = Release|Any CPU
		{37A22666-195A-4CBB-A541-CFFBFB9D7905}.Release|Mixed Platforms.Build.0 = Release|Any CPU
		{37A22666-195A-4CBB-A541-CFFBFB9D7905}.Release|x64.ActiveCfg = Release|Any CPU
		{37A22666-195A-4CBB-A541-CFFBFB9D7905}.Release|x64.Build.0 = Release|Any CPU
		{37A22666-195A-4CBB-A541-CFFBFB9D7905}.Release|x86.ActiveCfg = Release|Any CPU
		{37A22666-195A-4CBB-A541-CFFBFB9D7905}.SingleImage|.NET.ActiveCfg = Release|Any CPU
		{37A22666-195A-4CBB-A541-CFFBFB9D7905}.SingleImage|Any CPU.ActiveCfg = Release|Any CPU
		{37A22666-195A-4CBB-A541-CFFBFB9D7905}.SingleImage|Any CPU.Build.0 = Release|Any CPU
		{37A22666-195A-4CBB-A541-CFFBFB9D7905}.SingleImage|Mixed Platforms.ActiveCfg = Release|Any CPU
		{37A22666-195A-4CBB-A541-CFFBFB9D7905}.SingleImage|Mixed Platforms.Build.0 = Release|Any CPU
		{37A22666-195A-4CBB-A541-CFFBFB9D7905}.SingleImage|x64.ActiveCfg = Debug|Any CPU
		{37A22666-195A-4CBB-A541-CFFBFB9D7905}.SingleImage|x64.Build.0 = Debug|Any CPU
		{37A22666-195A-4CBB-A541-CFFBFB9D7905}.SingleImage|x86.ActiveCfg = Release|Any CPU
		{E4496045-D324-4297-BE19-EBE664129C71}.CD_ROM|.NET.ActiveCfg = Internal|Any CPU
		{E4496045-D324-4297-BE19-EBE664129C71}.CD_ROM|Any CPU.ActiveCfg = Internal|Any CPU
		{E4496045-D324-4297-BE19-EBE664129C71}.CD_ROM|Any CPU.Build.0 = Internal|Any CPU
		{E4496045-D324-4297-BE19-EBE664129C71}.CD_ROM|Mixed Platforms.ActiveCfg = Internal|Any CPU
		{E4496045-D324-4297-BE19-EBE664129C71}.CD_ROM|Mixed Platforms.Build.0 = Internal|Any CPU
		{E4496045-D324-4297-BE19-EBE664129C71}.CD_ROM|x64.ActiveCfg = Release|Any CPU
		{E4496045-D324-4297-BE19-EBE664129C71}.CD_ROM|x64.Build.0 = Release|Any CPU
		{E4496045-D324-4297-BE19-EBE664129C71}.CD_ROM|x86.ActiveCfg = Internal|Any CPU
		{E4496045-D324-4297-BE19-EBE664129C71}.Debug|.NET.ActiveCfg = Debug|Any CPU
		{E4496045-D324-4297-BE19-EBE664129C71}.Debug|.NET.Build.0 = Debug|Any CPU
		{E4496045-D324-4297-BE19-EBE664129C71}.Debug|Any CPU.ActiveCfg = Debug|Any CPU
		{E4496045-D324-4297-BE19-EBE664129C71}.Debug|Any CPU.Build.0 = Debug|Any CPU
		{E4496045-D324-4297-BE19-EBE664129C71}.Debug|Mixed Platforms.ActiveCfg = Debug|Any CPU
		{E4496045-D324-4297-BE19-EBE664129C71}.Debug|Mixed Platforms.Build.0 = Debug|Any CPU
		{E4496045-D324-4297-BE19-EBE664129C71}.Debug|x64.ActiveCfg = Debug|Any CPU
		{E4496045-D324-4297-BE19-EBE664129C71}.Debug|x64.Build.0 = Debug|Any CPU
		{E4496045-D324-4297-BE19-EBE664129C71}.Debug|x86.ActiveCfg = Debug|Any CPU
		{E4496045-D324-4297-BE19-EBE664129C71}.DevOpsBuild|.NET.ActiveCfg = DevOpsBuild|Any CPU
		{E4496045-D324-4297-BE19-EBE664129C71}.DevOpsBuild|.NET.Build.0 = DevOpsBuild|Any CPU
		{E4496045-D324-4297-BE19-EBE664129C71}.DevOpsBuild|Any CPU.ActiveCfg = DevOpsBuild|Any CPU
		{E4496045-D324-4297-BE19-EBE664129C71}.DevOpsBuild|Any CPU.Build.0 = DevOpsBuild|Any CPU
		{E4496045-D324-4297-BE19-EBE664129C71}.DevOpsBuild|Mixed Platforms.ActiveCfg = DevOpsBuild|Any CPU
		{E4496045-D324-4297-BE19-EBE664129C71}.DevOpsBuild|Mixed Platforms.Build.0 = DevOpsBuild|Any CPU
		{E4496045-D324-4297-BE19-EBE664129C71}.DevOpsBuild|x64.ActiveCfg = DevOpsBuild|Any CPU
		{E4496045-D324-4297-BE19-EBE664129C71}.DevOpsBuild|x64.Build.0 = DevOpsBuild|Any CPU
		{E4496045-D324-4297-BE19-EBE664129C71}.DevOpsBuild|x86.ActiveCfg = DevOpsBuild|Any CPU
		{E4496045-D324-4297-BE19-EBE664129C71}.DevOpsBuild|x86.Build.0 = DevOpsBuild|Any CPU
		{E4496045-D324-4297-BE19-EBE664129C71}.DVD-5|.NET.ActiveCfg = Debug|Any CPU
		{E4496045-D324-4297-BE19-EBE664129C71}.DVD-5|Any CPU.ActiveCfg = Debug|Any CPU
		{E4496045-D324-4297-BE19-EBE664129C71}.DVD-5|Any CPU.Build.0 = Debug|Any CPU
		{E4496045-D324-4297-BE19-EBE664129C71}.DVD-5|Mixed Platforms.ActiveCfg = Debug|Any CPU
		{E4496045-D324-4297-BE19-EBE664129C71}.DVD-5|Mixed Platforms.Build.0 = Debug|Any CPU
		{E4496045-D324-4297-BE19-EBE664129C71}.DVD-5|x64.ActiveCfg = Debug|Any CPU
		{E4496045-D324-4297-BE19-EBE664129C71}.DVD-5|x64.Build.0 = Debug|Any CPU
		{E4496045-D324-4297-BE19-EBE664129C71}.DVD-5|x86.ActiveCfg = Debug|Any CPU
		{E4496045-D324-4297-BE19-EBE664129C71}.Release|.NET.ActiveCfg = Release|Any CPU
		{E4496045-D324-4297-BE19-EBE664129C71}.Release|.NET.Build.0 = Release|Any CPU
		{E4496045-D324-4297-BE19-EBE664129C71}.Release|Any CPU.ActiveCfg = Release|Any CPU
		{E4496045-D324-4297-BE19-EBE664129C71}.Release|Any CPU.Build.0 = Release|Any CPU
		{E4496045-D324-4297-BE19-EBE664129C71}.Release|Mixed Platforms.ActiveCfg = Release|Any CPU
		{E4496045-D324-4297-BE19-EBE664129C71}.Release|Mixed Platforms.Build.0 = Release|Any CPU
		{E4496045-D324-4297-BE19-EBE664129C71}.Release|x64.ActiveCfg = Release|Any CPU
		{E4496045-D324-4297-BE19-EBE664129C71}.Release|x64.Build.0 = Release|Any CPU
		{E4496045-D324-4297-BE19-EBE664129C71}.Release|x86.ActiveCfg = Release|Any CPU
		{E4496045-D324-4297-BE19-EBE664129C71}.SingleImage|.NET.ActiveCfg = Internal|Any CPU
		{E4496045-D324-4297-BE19-EBE664129C71}.SingleImage|Any CPU.ActiveCfg = Internal|Any CPU
		{E4496045-D324-4297-BE19-EBE664129C71}.SingleImage|Any CPU.Build.0 = Internal|Any CPU
		{E4496045-D324-4297-BE19-EBE664129C71}.SingleImage|Mixed Platforms.ActiveCfg = Internal|Any CPU
		{E4496045-D324-4297-BE19-EBE664129C71}.SingleImage|Mixed Platforms.Build.0 = Internal|Any CPU
		{E4496045-D324-4297-BE19-EBE664129C71}.SingleImage|x64.ActiveCfg = Release|Any CPU
		{E4496045-D324-4297-BE19-EBE664129C71}.SingleImage|x64.Build.0 = Release|Any CPU
		{E4496045-D324-4297-BE19-EBE664129C71}.SingleImage|x86.ActiveCfg = Internal|Any CPU
		{AEBC2C93-C00E-4F48-8C83-0F69417F0C25}.CD_ROM|.NET.ActiveCfg = Release|Any CPU
		{AEBC2C93-C00E-4F48-8C83-0F69417F0C25}.CD_ROM|Any CPU.ActiveCfg = Release|Any CPU
		{AEBC2C93-C00E-4F48-8C83-0F69417F0C25}.CD_ROM|Any CPU.Build.0 = Release|Any CPU
		{AEBC2C93-C00E-4F48-8C83-0F69417F0C25}.CD_ROM|Mixed Platforms.ActiveCfg = Release|Any CPU
		{AEBC2C93-C00E-4F48-8C83-0F69417F0C25}.CD_ROM|Mixed Platforms.Build.0 = Release|Any CPU
		{AEBC2C93-C00E-4F48-8C83-0F69417F0C25}.CD_ROM|x64.ActiveCfg = Debug|Any CPU
		{AEBC2C93-C00E-4F48-8C83-0F69417F0C25}.CD_ROM|x64.Build.0 = Debug|Any CPU
		{AEBC2C93-C00E-4F48-8C83-0F69417F0C25}.CD_ROM|x86.ActiveCfg = Release|Any CPU
		{AEBC2C93-C00E-4F48-8C83-0F69417F0C25}.Debug|.NET.ActiveCfg = Debug|Any CPU
		{AEBC2C93-C00E-4F48-8C83-0F69417F0C25}.Debug|.NET.Build.0 = Debug|Any CPU
		{AEBC2C93-C00E-4F48-8C83-0F69417F0C25}.Debug|Any CPU.ActiveCfg = Debug|Any CPU
		{AEBC2C93-C00E-4F48-8C83-0F69417F0C25}.Debug|Any CPU.Build.0 = Debug|Any CPU
		{AEBC2C93-C00E-4F48-8C83-0F69417F0C25}.Debug|Mixed Platforms.ActiveCfg = Debug|Any CPU
		{AEBC2C93-C00E-4F48-8C83-0F69417F0C25}.Debug|Mixed Platforms.Build.0 = Debug|Any CPU
		{AEBC2C93-C00E-4F48-8C83-0F69417F0C25}.Debug|x64.ActiveCfg = Debug|Any CPU
		{AEBC2C93-C00E-4F48-8C83-0F69417F0C25}.Debug|x64.Build.0 = Debug|Any CPU
		{AEBC2C93-C00E-4F48-8C83-0F69417F0C25}.Debug|x86.ActiveCfg = Debug|Any CPU
		{AEBC2C93-C00E-4F48-8C83-0F69417F0C25}.DevOpsBuild|.NET.ActiveCfg = DevOpsBuild|Any CPU
		{AEBC2C93-C00E-4F48-8C83-0F69417F0C25}.DevOpsBuild|.NET.Build.0 = DevOpsBuild|Any CPU
		{AEBC2C93-C00E-4F48-8C83-0F69417F0C25}.DevOpsBuild|Any CPU.ActiveCfg = DevOpsBuild|Any CPU
		{AEBC2C93-C00E-4F48-8C83-0F69417F0C25}.DevOpsBuild|Any CPU.Build.0 = DevOpsBuild|Any CPU
		{AEBC2C93-C00E-4F48-8C83-0F69417F0C25}.DevOpsBuild|Mixed Platforms.ActiveCfg = DevOpsBuild|Any CPU
		{AEBC2C93-C00E-4F48-8C83-0F69417F0C25}.DevOpsBuild|Mixed Platforms.Build.0 = DevOpsBuild|Any CPU
		{AEBC2C93-C00E-4F48-8C83-0F69417F0C25}.DevOpsBuild|x64.ActiveCfg = DevOpsBuild|Any CPU
		{AEBC2C93-C00E-4F48-8C83-0F69417F0C25}.DevOpsBuild|x64.Build.0 = DevOpsBuild|Any CPU
		{AEBC2C93-C00E-4F48-8C83-0F69417F0C25}.DevOpsBuild|x86.ActiveCfg = DevOpsBuild|Any CPU
		{AEBC2C93-C00E-4F48-8C83-0F69417F0C25}.DevOpsBuild|x86.Build.0 = DevOpsBuild|Any CPU
		{AEBC2C93-C00E-4F48-8C83-0F69417F0C25}.DVD-5|.NET.ActiveCfg = Debug|Any CPU
		{AEBC2C93-C00E-4F48-8C83-0F69417F0C25}.DVD-5|Any CPU.ActiveCfg = Debug|Any CPU
		{AEBC2C93-C00E-4F48-8C83-0F69417F0C25}.DVD-5|Any CPU.Build.0 = Debug|Any CPU
		{AEBC2C93-C00E-4F48-8C83-0F69417F0C25}.DVD-5|Mixed Platforms.ActiveCfg = Debug|Any CPU
		{AEBC2C93-C00E-4F48-8C83-0F69417F0C25}.DVD-5|Mixed Platforms.Build.0 = Debug|Any CPU
		{AEBC2C93-C00E-4F48-8C83-0F69417F0C25}.DVD-5|x64.ActiveCfg = Debug|Any CPU
		{AEBC2C93-C00E-4F48-8C83-0F69417F0C25}.DVD-5|x64.Build.0 = Debug|Any CPU
		{AEBC2C93-C00E-4F48-8C83-0F69417F0C25}.DVD-5|x86.ActiveCfg = Debug|Any CPU
		{AEBC2C93-C00E-4F48-8C83-0F69417F0C25}.Release|.NET.ActiveCfg = Release|Any CPU
		{AEBC2C93-C00E-4F48-8C83-0F69417F0C25}.Release|.NET.Build.0 = Release|Any CPU
		{AEBC2C93-C00E-4F48-8C83-0F69417F0C25}.Release|Any CPU.ActiveCfg = Release|Any CPU
		{AEBC2C93-C00E-4F48-8C83-0F69417F0C25}.Release|Any CPU.Build.0 = Release|Any CPU
		{AEBC2C93-C00E-4F48-8C83-0F69417F0C25}.Release|Mixed Platforms.ActiveCfg = Release|Any CPU
		{AEBC2C93-C00E-4F48-8C83-0F69417F0C25}.Release|Mixed Platforms.Build.0 = Release|Any CPU
		{AEBC2C93-C00E-4F48-8C83-0F69417F0C25}.Release|x64.ActiveCfg = Release|Any CPU
		{AEBC2C93-C00E-4F48-8C83-0F69417F0C25}.Release|x64.Build.0 = Release|Any CPU
		{AEBC2C93-C00E-4F48-8C83-0F69417F0C25}.Release|x86.ActiveCfg = Release|Any CPU
		{AEBC2C93-C00E-4F48-8C83-0F69417F0C25}.SingleImage|.NET.ActiveCfg = Release|Any CPU
		{AEBC2C93-C00E-4F48-8C83-0F69417F0C25}.SingleImage|Any CPU.ActiveCfg = Release|Any CPU
		{AEBC2C93-C00E-4F48-8C83-0F69417F0C25}.SingleImage|Any CPU.Build.0 = Release|Any CPU
		{AEBC2C93-C00E-4F48-8C83-0F69417F0C25}.SingleImage|Mixed Platforms.ActiveCfg = Release|Any CPU
		{AEBC2C93-C00E-4F48-8C83-0F69417F0C25}.SingleImage|Mixed Platforms.Build.0 = Release|Any CPU
		{AEBC2C93-C00E-4F48-8C83-0F69417F0C25}.SingleImage|x64.ActiveCfg = Debug|Any CPU
		{AEBC2C93-C00E-4F48-8C83-0F69417F0C25}.SingleImage|x64.Build.0 = Debug|Any CPU
		{AEBC2C93-C00E-4F48-8C83-0F69417F0C25}.SingleImage|x86.ActiveCfg = Release|Any CPU
		{FDC576E6-ACC8-41D4-8A56-8E6E00221306}.CD_ROM|.NET.ActiveCfg = Release|Any CPU
		{FDC576E6-ACC8-41D4-8A56-8E6E00221306}.CD_ROM|Any CPU.ActiveCfg = Release|Any CPU
		{FDC576E6-ACC8-41D4-8A56-8E6E00221306}.CD_ROM|Any CPU.Build.0 = Release|Any CPU
		{FDC576E6-ACC8-41D4-8A56-8E6E00221306}.CD_ROM|Mixed Platforms.ActiveCfg = Release|Any CPU
		{FDC576E6-ACC8-41D4-8A56-8E6E00221306}.CD_ROM|Mixed Platforms.Build.0 = Release|Any CPU
		{FDC576E6-ACC8-41D4-8A56-8E6E00221306}.CD_ROM|x64.ActiveCfg = Debug|Any CPU
		{FDC576E6-ACC8-41D4-8A56-8E6E00221306}.CD_ROM|x64.Build.0 = Debug|Any CPU
		{FDC576E6-ACC8-41D4-8A56-8E6E00221306}.CD_ROM|x86.ActiveCfg = Release|Any CPU
		{FDC576E6-ACC8-41D4-8A56-8E6E00221306}.Debug|.NET.ActiveCfg = Debug|Any CPU
		{FDC576E6-ACC8-41D4-8A56-8E6E00221306}.Debug|.NET.Build.0 = Debug|Any CPU
		{FDC576E6-ACC8-41D4-8A56-8E6E00221306}.Debug|Any CPU.ActiveCfg = Debug|Any CPU
		{FDC576E6-ACC8-41D4-8A56-8E6E00221306}.Debug|Any CPU.Build.0 = Debug|Any CPU
		{FDC576E6-ACC8-41D4-8A56-8E6E00221306}.Debug|Mixed Platforms.ActiveCfg = Debug|Any CPU
		{FDC576E6-ACC8-41D4-8A56-8E6E00221306}.Debug|Mixed Platforms.Build.0 = Debug|Any CPU
		{FDC576E6-ACC8-41D4-8A56-8E6E00221306}.Debug|x64.ActiveCfg = Debug|Any CPU
		{FDC576E6-ACC8-41D4-8A56-8E6E00221306}.Debug|x64.Build.0 = Debug|Any CPU
		{FDC576E6-ACC8-41D4-8A56-8E6E00221306}.Debug|x86.ActiveCfg = Debug|Any CPU
		{FDC576E6-ACC8-41D4-8A56-8E6E00221306}.DevOpsBuild|.NET.ActiveCfg = DevOpsBuild|Any CPU
		{FDC576E6-ACC8-41D4-8A56-8E6E00221306}.DevOpsBuild|.NET.Build.0 = DevOpsBuild|Any CPU
		{FDC576E6-ACC8-41D4-8A56-8E6E00221306}.DevOpsBuild|Any CPU.ActiveCfg = DevOpsBuild|Any CPU
		{FDC576E6-ACC8-41D4-8A56-8E6E00221306}.DevOpsBuild|Any CPU.Build.0 = DevOpsBuild|Any CPU
		{FDC576E6-ACC8-41D4-8A56-8E6E00221306}.DevOpsBuild|Mixed Platforms.ActiveCfg = DevOpsBuild|Any CPU
		{FDC576E6-ACC8-41D4-8A56-8E6E00221306}.DevOpsBuild|Mixed Platforms.Build.0 = DevOpsBuild|Any CPU
		{FDC576E6-ACC8-41D4-8A56-8E6E00221306}.DevOpsBuild|x64.ActiveCfg = DevOpsBuild|Any CPU
		{FDC576E6-ACC8-41D4-8A56-8E6E00221306}.DevOpsBuild|x64.Build.0 = DevOpsBuild|Any CPU
		{FDC576E6-ACC8-41D4-8A56-8E6E00221306}.DevOpsBuild|x86.ActiveCfg = DevOpsBuild|Any CPU
		{FDC576E6-ACC8-41D4-8A56-8E6E00221306}.DevOpsBuild|x86.Build.0 = DevOpsBuild|Any CPU
		{FDC576E6-ACC8-41D4-8A56-8E6E00221306}.DVD-5|.NET.ActiveCfg = Debug|Any CPU
		{FDC576E6-ACC8-41D4-8A56-8E6E00221306}.DVD-5|Any CPU.ActiveCfg = Debug|Any CPU
		{FDC576E6-ACC8-41D4-8A56-8E6E00221306}.DVD-5|Any CPU.Build.0 = Debug|Any CPU
		{FDC576E6-ACC8-41D4-8A56-8E6E00221306}.DVD-5|Mixed Platforms.ActiveCfg = Debug|Any CPU
		{FDC576E6-ACC8-41D4-8A56-8E6E00221306}.DVD-5|Mixed Platforms.Build.0 = Debug|Any CPU
		{FDC576E6-ACC8-41D4-8A56-8E6E00221306}.DVD-5|x64.ActiveCfg = Debug|Any CPU
		{FDC576E6-ACC8-41D4-8A56-8E6E00221306}.DVD-5|x64.Build.0 = Debug|Any CPU
		{FDC576E6-ACC8-41D4-8A56-8E6E00221306}.DVD-5|x86.ActiveCfg = Debug|Any CPU
		{FDC576E6-ACC8-41D4-8A56-8E6E00221306}.Release|.NET.ActiveCfg = Release|Any CPU
		{FDC576E6-ACC8-41D4-8A56-8E6E00221306}.Release|.NET.Build.0 = Release|Any CPU
		{FDC576E6-ACC8-41D4-8A56-8E6E00221306}.Release|Any CPU.ActiveCfg = Release|Any CPU
		{FDC576E6-ACC8-41D4-8A56-8E6E00221306}.Release|Any CPU.Build.0 = Release|Any CPU
		{FDC576E6-ACC8-41D4-8A56-8E6E00221306}.Release|Mixed Platforms.ActiveCfg = Release|Any CPU
		{FDC576E6-ACC8-41D4-8A56-8E6E00221306}.Release|Mixed Platforms.Build.0 = Release|Any CPU
		{FDC576E6-ACC8-41D4-8A56-8E6E00221306}.Release|x64.ActiveCfg = Release|Any CPU
		{FDC576E6-ACC8-41D4-8A56-8E6E00221306}.Release|x64.Build.0 = Release|Any CPU
		{FDC576E6-ACC8-41D4-8A56-8E6E00221306}.Release|x86.ActiveCfg = Release|Any CPU
		{FDC576E6-ACC8-41D4-8A56-8E6E00221306}.SingleImage|.NET.ActiveCfg = Release|Any CPU
		{FDC576E6-ACC8-41D4-8A56-8E6E00221306}.SingleImage|Any CPU.ActiveCfg = Release|Any CPU
		{FDC576E6-ACC8-41D4-8A56-8E6E00221306}.SingleImage|Any CPU.Build.0 = Release|Any CPU
		{FDC576E6-ACC8-41D4-8A56-8E6E00221306}.SingleImage|Mixed Platforms.ActiveCfg = Release|Any CPU
		{FDC576E6-ACC8-41D4-8A56-8E6E00221306}.SingleImage|Mixed Platforms.Build.0 = Release|Any CPU
		{FDC576E6-ACC8-41D4-8A56-8E6E00221306}.SingleImage|x64.ActiveCfg = Debug|Any CPU
		{FDC576E6-ACC8-41D4-8A56-8E6E00221306}.SingleImage|x64.Build.0 = Debug|Any CPU
		{FDC576E6-ACC8-41D4-8A56-8E6E00221306}.SingleImage|x86.ActiveCfg = Release|Any CPU
		{15497702-FB61-4316-949B-A8ED2EEC694A}.CD_ROM|.NET.ActiveCfg = Release|Any CPU
		{15497702-FB61-4316-949B-A8ED2EEC694A}.CD_ROM|Any CPU.ActiveCfg = Release|Any CPU
		{15497702-FB61-4316-949B-A8ED2EEC694A}.CD_ROM|Any CPU.Build.0 = Release|Any CPU
		{15497702-FB61-4316-949B-A8ED2EEC694A}.CD_ROM|Mixed Platforms.ActiveCfg = Release|Any CPU
		{15497702-FB61-4316-949B-A8ED2EEC694A}.CD_ROM|Mixed Platforms.Build.0 = Release|Any CPU
		{15497702-FB61-4316-949B-A8ED2EEC694A}.CD_ROM|x64.ActiveCfg = Debug|Any CPU
		{15497702-FB61-4316-949B-A8ED2EEC694A}.CD_ROM|x64.Build.0 = Debug|Any CPU
		{15497702-FB61-4316-949B-A8ED2EEC694A}.CD_ROM|x86.ActiveCfg = Release|Any CPU
		{15497702-FB61-4316-949B-A8ED2EEC694A}.Debug|.NET.ActiveCfg = Debug|Any CPU
		{15497702-FB61-4316-949B-A8ED2EEC694A}.Debug|.NET.Build.0 = Debug|Any CPU
		{15497702-FB61-4316-949B-A8ED2EEC694A}.Debug|Any CPU.ActiveCfg = Debug|Any CPU
		{15497702-FB61-4316-949B-A8ED2EEC694A}.Debug|Any CPU.Build.0 = Debug|Any CPU
		{15497702-FB61-4316-949B-A8ED2EEC694A}.Debug|Mixed Platforms.ActiveCfg = Debug|Any CPU
		{15497702-FB61-4316-949B-A8ED2EEC694A}.Debug|Mixed Platforms.Build.0 = Debug|Any CPU
		{15497702-FB61-4316-949B-A8ED2EEC694A}.Debug|x64.ActiveCfg = Debug|Any CPU
		{15497702-FB61-4316-949B-A8ED2EEC694A}.Debug|x64.Build.0 = Debug|Any CPU
		{15497702-FB61-4316-949B-A8ED2EEC694A}.Debug|x86.ActiveCfg = Debug|Any CPU
		{15497702-FB61-4316-949B-A8ED2EEC694A}.DevOpsBuild|.NET.ActiveCfg = DevOpsBuild|Any CPU
		{15497702-FB61-4316-949B-A8ED2EEC694A}.DevOpsBuild|.NET.Build.0 = DevOpsBuild|Any CPU
		{15497702-FB61-4316-949B-A8ED2EEC694A}.DevOpsBuild|Any CPU.ActiveCfg = DevOpsBuild|Any CPU
		{15497702-FB61-4316-949B-A8ED2EEC694A}.DevOpsBuild|Any CPU.Build.0 = DevOpsBuild|Any CPU
		{15497702-FB61-4316-949B-A8ED2EEC694A}.DevOpsBuild|Mixed Platforms.ActiveCfg = DevOpsBuild|Any CPU
		{15497702-FB61-4316-949B-A8ED2EEC694A}.DevOpsBuild|Mixed Platforms.Build.0 = DevOpsBuild|Any CPU
		{15497702-FB61-4316-949B-A8ED2EEC694A}.DevOpsBuild|x64.ActiveCfg = DevOpsBuild|Any CPU
		{15497702-FB61-4316-949B-A8ED2EEC694A}.DevOpsBuild|x64.Build.0 = DevOpsBuild|Any CPU
		{15497702-FB61-4316-949B-A8ED2EEC694A}.DevOpsBuild|x86.ActiveCfg = DevOpsBuild|Any CPU
		{15497702-FB61-4316-949B-A8ED2EEC694A}.DevOpsBuild|x86.Build.0 = DevOpsBuild|Any CPU
		{15497702-FB61-4316-949B-A8ED2EEC694A}.DVD-5|.NET.ActiveCfg = Debug|Any CPU
		{15497702-FB61-4316-949B-A8ED2EEC694A}.DVD-5|Any CPU.ActiveCfg = Debug|Any CPU
		{15497702-FB61-4316-949B-A8ED2EEC694A}.DVD-5|Any CPU.Build.0 = Debug|Any CPU
		{15497702-FB61-4316-949B-A8ED2EEC694A}.DVD-5|Mixed Platforms.ActiveCfg = Debug|Any CPU
		{15497702-FB61-4316-949B-A8ED2EEC694A}.DVD-5|Mixed Platforms.Build.0 = Debug|Any CPU
		{15497702-FB61-4316-949B-A8ED2EEC694A}.DVD-5|x64.ActiveCfg = Debug|Any CPU
		{15497702-FB61-4316-949B-A8ED2EEC694A}.DVD-5|x64.Build.0 = Debug|Any CPU
		{15497702-FB61-4316-949B-A8ED2EEC694A}.DVD-5|x86.ActiveCfg = Debug|Any CPU
		{15497702-FB61-4316-949B-A8ED2EEC694A}.Release|.NET.ActiveCfg = Release|Any CPU
		{15497702-FB61-4316-949B-A8ED2EEC694A}.Release|.NET.Build.0 = Release|Any CPU
		{15497702-FB61-4316-949B-A8ED2EEC694A}.Release|Any CPU.ActiveCfg = Release|Any CPU
		{15497702-FB61-4316-949B-A8ED2EEC694A}.Release|Any CPU.Build.0 = Release|Any CPU
		{15497702-FB61-4316-949B-A8ED2EEC694A}.Release|Mixed Platforms.ActiveCfg = Release|Any CPU
		{15497702-FB61-4316-949B-A8ED2EEC694A}.Release|Mixed Platforms.Build.0 = Release|Any CPU
		{15497702-FB61-4316-949B-A8ED2EEC694A}.Release|x64.ActiveCfg = Release|Any CPU
		{15497702-FB61-4316-949B-A8ED2EEC694A}.Release|x64.Build.0 = Release|Any CPU
		{15497702-FB61-4316-949B-A8ED2EEC694A}.Release|x86.ActiveCfg = Release|Any CPU
		{15497702-FB61-4316-949B-A8ED2EEC694A}.SingleImage|.NET.ActiveCfg = Release|Any CPU
		{15497702-FB61-4316-949B-A8ED2EEC694A}.SingleImage|Any CPU.ActiveCfg = Release|Any CPU
		{15497702-FB61-4316-949B-A8ED2EEC694A}.SingleImage|Any CPU.Build.0 = Release|Any CPU
		{15497702-FB61-4316-949B-A8ED2EEC694A}.SingleImage|Mixed Platforms.ActiveCfg = Release|Any CPU
		{15497702-FB61-4316-949B-A8ED2EEC694A}.SingleImage|Mixed Platforms.Build.0 = Release|Any CPU
		{15497702-FB61-4316-949B-A8ED2EEC694A}.SingleImage|x64.ActiveCfg = Debug|Any CPU
		{15497702-FB61-4316-949B-A8ED2EEC694A}.SingleImage|x64.Build.0 = Debug|Any CPU
		{15497702-FB61-4316-949B-A8ED2EEC694A}.SingleImage|x86.ActiveCfg = Release|Any CPU
		{C9DE9821-BA13-4528-B149-A3E990530AAD}.CD_ROM|.NET.ActiveCfg = Release|Any CPU
		{C9DE9821-BA13-4528-B149-A3E990530AAD}.CD_ROM|.NET.Build.0 = Release|Any CPU
		{C9DE9821-BA13-4528-B149-A3E990530AAD}.CD_ROM|Any CPU.ActiveCfg = Release|Any CPU
		{C9DE9821-BA13-4528-B149-A3E990530AAD}.CD_ROM|Any CPU.Build.0 = Release|Any CPU
		{C9DE9821-BA13-4528-B149-A3E990530AAD}.CD_ROM|Mixed Platforms.ActiveCfg = Release|Any CPU
		{C9DE9821-BA13-4528-B149-A3E990530AAD}.CD_ROM|Mixed Platforms.Build.0 = Release|Any CPU
		{C9DE9821-BA13-4528-B149-A3E990530AAD}.CD_ROM|x64.ActiveCfg = Release|Any CPU
		{C9DE9821-BA13-4528-B149-A3E990530AAD}.CD_ROM|x64.Build.0 = Release|Any CPU
		{C9DE9821-BA13-4528-B149-A3E990530AAD}.CD_ROM|x86.ActiveCfg = Release|Any CPU
		{C9DE9821-BA13-4528-B149-A3E990530AAD}.CD_ROM|x86.Build.0 = Release|Any CPU
		{C9DE9821-BA13-4528-B149-A3E990530AAD}.Debug|.NET.ActiveCfg = Debug|Any CPU
		{C9DE9821-BA13-4528-B149-A3E990530AAD}.Debug|.NET.Build.0 = Debug|Any CPU
		{C9DE9821-BA13-4528-B149-A3E990530AAD}.Debug|Any CPU.ActiveCfg = Debug|Any CPU
		{C9DE9821-BA13-4528-B149-A3E990530AAD}.Debug|Any CPU.Build.0 = Debug|Any CPU
		{C9DE9821-BA13-4528-B149-A3E990530AAD}.Debug|Mixed Platforms.ActiveCfg = Debug|Any CPU
		{C9DE9821-BA13-4528-B149-A3E990530AAD}.Debug|Mixed Platforms.Build.0 = Debug|Any CPU
		{C9DE9821-BA13-4528-B149-A3E990530AAD}.Debug|x64.ActiveCfg = Debug|Any CPU
		{C9DE9821-BA13-4528-B149-A3E990530AAD}.Debug|x64.Build.0 = Debug|Any CPU
		{C9DE9821-BA13-4528-B149-A3E990530AAD}.Debug|x86.ActiveCfg = Debug|Any CPU
		{C9DE9821-BA13-4528-B149-A3E990530AAD}.Debug|x86.Build.0 = Debug|Any CPU
		{C9DE9821-BA13-4528-B149-A3E990530AAD}.DevOpsBuild|.NET.ActiveCfg = DevOpsBuild|Any CPU
		{C9DE9821-BA13-4528-B149-A3E990530AAD}.DevOpsBuild|.NET.Build.0 = DevOpsBuild|Any CPU
		{C9DE9821-BA13-4528-B149-A3E990530AAD}.DevOpsBuild|Any CPU.ActiveCfg = DevOpsBuild|Any CPU
		{C9DE9821-BA13-4528-B149-A3E990530AAD}.DevOpsBuild|Any CPU.Build.0 = DevOpsBuild|Any CPU
		{C9DE9821-BA13-4528-B149-A3E990530AAD}.DevOpsBuild|Mixed Platforms.ActiveCfg = DevOpsBuild|Any CPU
		{C9DE9821-BA13-4528-B149-A3E990530AAD}.DevOpsBuild|Mixed Platforms.Build.0 = DevOpsBuild|Any CPU
		{C9DE9821-BA13-4528-B149-A3E990530AAD}.DevOpsBuild|x64.ActiveCfg = DevOpsBuild|Any CPU
		{C9DE9821-BA13-4528-B149-A3E990530AAD}.DevOpsBuild|x64.Build.0 = DevOpsBuild|Any CPU
		{C9DE9821-BA13-4528-B149-A3E990530AAD}.DevOpsBuild|x86.ActiveCfg = DevOpsBuild|Any CPU
		{C9DE9821-BA13-4528-B149-A3E990530AAD}.DevOpsBuild|x86.Build.0 = DevOpsBuild|Any CPU
		{C9DE9821-BA13-4528-B149-A3E990530AAD}.DVD-5|.NET.ActiveCfg = Debug|Any CPU
		{C9DE9821-BA13-4528-B149-A3E990530AAD}.DVD-5|.NET.Build.0 = Debug|Any CPU
		{C9DE9821-BA13-4528-B149-A3E990530AAD}.DVD-5|Any CPU.ActiveCfg = Debug|Any CPU
		{C9DE9821-BA13-4528-B149-A3E990530AAD}.DVD-5|Any CPU.Build.0 = Debug|Any CPU
		{C9DE9821-BA13-4528-B149-A3E990530AAD}.DVD-5|Mixed Platforms.ActiveCfg = Debug|Any CPU
		{C9DE9821-BA13-4528-B149-A3E990530AAD}.DVD-5|Mixed Platforms.Build.0 = Debug|Any CPU
		{C9DE9821-BA13-4528-B149-A3E990530AAD}.DVD-5|x64.ActiveCfg = Debug|Any CPU
		{C9DE9821-BA13-4528-B149-A3E990530AAD}.DVD-5|x64.Build.0 = Debug|Any CPU
		{C9DE9821-BA13-4528-B149-A3E990530AAD}.DVD-5|x86.ActiveCfg = Debug|Any CPU
		{C9DE9821-BA13-4528-B149-A3E990530AAD}.DVD-5|x86.Build.0 = Debug|Any CPU
		{C9DE9821-BA13-4528-B149-A3E990530AAD}.Release|.NET.ActiveCfg = Release|Any CPU
		{C9DE9821-BA13-4528-B149-A3E990530AAD}.Release|.NET.Build.0 = Release|Any CPU
		{C9DE9821-BA13-4528-B149-A3E990530AAD}.Release|Any CPU.ActiveCfg = Release|Any CPU
		{C9DE9821-BA13-4528-B149-A3E990530AAD}.Release|Any CPU.Build.0 = Release|Any CPU
		{C9DE9821-BA13-4528-B149-A3E990530AAD}.Release|Mixed Platforms.ActiveCfg = Release|Any CPU
		{C9DE9821-BA13-4528-B149-A3E990530AAD}.Release|Mixed Platforms.Build.0 = Release|Any CPU
		{C9DE9821-BA13-4528-B149-A3E990530AAD}.Release|x64.ActiveCfg = Release|Any CPU
		{C9DE9821-BA13-4528-B149-A3E990530AAD}.Release|x64.Build.0 = Release|Any CPU
		{C9DE9821-BA13-4528-B149-A3E990530AAD}.Release|x86.ActiveCfg = Release|Any CPU
		{C9DE9821-BA13-4528-B149-A3E990530AAD}.Release|x86.Build.0 = Release|Any CPU
		{C9DE9821-BA13-4528-B149-A3E990530AAD}.SingleImage|.NET.ActiveCfg = Release|Any CPU
		{C9DE9821-BA13-4528-B149-A3E990530AAD}.SingleImage|.NET.Build.0 = Release|Any CPU
		{C9DE9821-BA13-4528-B149-A3E990530AAD}.SingleImage|Any CPU.ActiveCfg = Release|Any CPU
		{C9DE9821-BA13-4528-B149-A3E990530AAD}.SingleImage|Any CPU.Build.0 = Release|Any CPU
		{C9DE9821-BA13-4528-B149-A3E990530AAD}.SingleImage|Mixed Platforms.ActiveCfg = Release|Any CPU
		{C9DE9821-BA13-4528-B149-A3E990530AAD}.SingleImage|Mixed Platforms.Build.0 = Release|Any CPU
		{C9DE9821-BA13-4528-B149-A3E990530AAD}.SingleImage|x64.ActiveCfg = Release|Any CPU
		{C9DE9821-BA13-4528-B149-A3E990530AAD}.SingleImage|x64.Build.0 = Release|Any CPU
		{C9DE9821-BA13-4528-B149-A3E990530AAD}.SingleImage|x86.ActiveCfg = Release|Any CPU
		{C9DE9821-BA13-4528-B149-A3E990530AAD}.SingleImage|x86.Build.0 = Release|Any CPU
	EndGlobalSection
	GlobalSection(SolutionProperties) = preSolution
		HideSolutionNode = FALSE
	EndGlobalSection
	GlobalSection(ExtensibilityGlobals) = postSolution
		SolutionGuid = {4EAE68F9-7FF3-4D91-AA57-7BB94190F4FC}
	EndGlobalSection
	GlobalSection(TestCaseManagementSettings) = postSolution
		CategoryFile = SQLSync.vsmdi
	EndGlobalSection
EndGlobal
