Microsoft Visual Studio Solution File, Format Version 12.00
# Visual Studio Version 17
VisualStudioVersion = 17.0.31521.260
MinimumVisualStudioVersion = 10.0.40219.1
Project("{2150E333-8FDC-42A3-9474-1A3956D46DE8}") = "Solution Items", "Solution Items", "{6B399EB5-5A92-4122-9480-64A4945AEF6A}"
	ProjectSection(SolutionItems) = preProject
		AssemblyVersioning.cs = AssemblyVersioning.cs
		..\devops\batch_release.json = ..\devops\batch_release.json
		..\devops\batch_update_releasepackage.ps1 = ..\devops\batch_update_releasepackage.ps1
		..\CHANGELOG.md = ..\CHANGELOG.md
		Clean-ObjAndBin.ps1 = Clean-ObjAndBin.ps1
		Clean-TestResults.ps1 = Clean-TestResults.ps1
		..\.github\workflows\codeql-analysis.yml = ..\.github\workflows\codeql-analysis.yml
		..\.github\workflows\container-build.yml = ..\.github\workflows\container-build.yml
		Dockerfile = Dockerfile
		..\.github\workflows\dotnetcore-build.yml = ..\.github\workflows\dotnetcore-build.yml
		format_release_notes.ps1 = format_release_notes.ps1
		..\README.md = ..\README.md
		RunTests.ps1 = RunTests.ps1
		RunTestsWithCodeCoverage.ps1 = RunTestsWithCodeCoverage.ps1
	EndProjectSection
EndProject
Project("{9A19103F-16F7-4668-BE54-9A1E7A4F7556}") = "SQLSync", "SqlSync\SQLSync.csproj", "{F54DD837-AD98-4A45-A709-1AA9E38E1A24}"
EndProject
Project("{9A19103F-16F7-4668-BE54-9A1E7A4F7556}") = "SqlSync.SqlBuild", "SqlSync.SqlBuild\SqlSync.SqlBuild.csproj", "{9B495B5F-1578-482B-8CF7-615B04D3AE2A}"
EndProject
Project("{9A19103F-16F7-4668-BE54-9A1E7A4F7556}") = "SqlSync.TableScript", "SqlSync.TableScript\SqlSync.TableScript.csproj", "{7902D9B0-FC03-42C7-9615-A2072D546EBD}"
EndProject
Project("{9A19103F-16F7-4668-BE54-9A1E7A4F7556}") = "SqlSync.Connection", "SqlSync.Connection\SqlSync.Connection.csproj", "{F3F1EFFF-265E-4995-958B-9763F947E5C8}"
EndProject
Project("{9A19103F-16F7-4668-BE54-9A1E7A4F7556}") = "SyntaxHighlightingTextBox", "SyntaxHighlightingTextBox\SyntaxHighlightingTextBox.csproj", "{93EC5C55-84BB-4FA4-8599-A6C85841E982}"
EndProject
Project("{9A19103F-16F7-4668-BE54-9A1E7A4F7556}") = "SqlSync.ObjectScript", "SqlSync.ObjectScript\SqlSync.ObjectScript.csproj", "{CD09B7DB-851B-4321-9E21-16948DA7FA07}"
EndProject
Project("{9A19103F-16F7-4668-BE54-9A1E7A4F7556}") = "SqlSync.Constants", "SqlSync.Constants\SqlSync.Constants.csproj", "{D68699E6-B97C-4BC4-AD52-5F3C63DB24A7}"
EndProject
Project("{9A19103F-16F7-4668-BE54-9A1E7A4F7556}") = "SqlSync.Compare", "SqlSync.Compare\SqlSync.Compare.csproj", "{053B2B2A-51CF-48CD-BD22-8DED7D292690}"
EndProject
Project("{9A19103F-16F7-4668-BE54-9A1E7A4F7556}") = "SqlSync.SprocTest", "SqlSync.SprocTest\SqlSync.SprocTest.csproj", "{0959BC04-AEFF-42F4-918B-0636D0239830}"
EndProject
Project("{9A19103F-16F7-4668-BE54-9A1E7A4F7556}") = "SqlSync.DbInformation", "SqlSync.DbInformation\SqlSync.DbInformation.csproj", "{37A22666-195A-4CBB-A541-CFFBFB9D7905}"
EndProject
Project("{9A19103F-16F7-4668-BE54-9A1E7A4F7556}") = "SqlSync.BasicCompare", "SqlSync.BasicCompare\SqlSync.BasicCompare.csproj", "{ABC20CD6-C24A-4B58-8D0F-71FBDB64EBDE}"
EndProject
Project("{9A19103F-16F7-4668-BE54-9A1E7A4F7556}") = "SqlBuildManager.ScriptHandling", "SqlBuildManager.ScriptHandling\SqlBuildManager.ScriptHandling.csproj", "{AEBC2C93-C00E-4F48-8C83-0F69417F0C25}"
EndProject
Project("{9A19103F-16F7-4668-BE54-9A1E7A4F7556}") = "SqlBuildManager.ScriptHandling.UnitTest", "SqlBuildManager.ScriptHandling.UnitTest\SqlBuildManager.ScriptHandling.UnitTest.csproj", "{1AA87D2D-5AB3-4DA6-9C88-4DDD27116CB6}"
EndProject
Project("{9A19103F-16F7-4668-BE54-9A1E7A4F7556}") = "SqlBuildManager.Console.Dependent.UnitTest", "SqlBuildManager.Console.Dependent.UnitTest\SqlBuildManager.Console.Dependent.UnitTest.csproj", "{F0ECC8B6-3FE6-4628-AFA4-D485D40F982A}"
EndProject
Project("{9A19103F-16F7-4668-BE54-9A1E7A4F7556}") = "SqlSync.DbInformation.Dependent.UnitTest", "SqlSync.DbInformation.Dependent.UnitTest\SqlSync.DbInformation.Dependent.UnitTest.csproj", "{ABA09777-000D-44ED-9D2F-52D112C257F8}"
EndProject
Project("{9A19103F-16F7-4668-BE54-9A1E7A4F7556}") = "SqlSync.Connection.UnitTest", "SqlSync.Connection.UnitTest\SqlSync.Connection.UnitTest.csproj", "{BA445E2B-A9B2-4C8B-BD46-AF49103D899D}"
EndProject
Project("{9A19103F-16F7-4668-BE54-9A1E7A4F7556}") = "SqlSync.ObjectScript.Dependent.UnitTest", "SqlSync.ObjectScript.Dependent.UnitTest\SqlSync.ObjectScript.Dependent.UnitTest.csproj", "{59C6CCE5-78EB-4227-92EE-4E05DAFD679A}"
EndProject
Project("{9A19103F-16F7-4668-BE54-9A1E7A4F7556}") = "SqlBuildManager.Interfaces", "SqlBuildManager.Interfaces\SqlBuildManager.Interfaces.csproj", "{FDC576E6-ACC8-41D4-8A56-8E6E00221306}"
EndProject
Project("{9A19103F-16F7-4668-BE54-9A1E7A4F7556}") = "SqlBuildManager.Enterprise", "SqlBuildManager.Enterprise\SqlBuildManager.Enterprise.csproj", "{15497702-FB61-4316-949B-A8ED2EEC694A}"
EndProject
Project("{9A19103F-16F7-4668-BE54-9A1E7A4F7556}") = "SqlBuildManager.Enterprise.UnitTest", "SqlBuildManager.Enterprise.UnitTest\SqlBuildManager.Enterprise.UnitTest.csproj", "{4ABDFB46-9ABA-4C3D-BE82-92B481D5826E}"
EndProject
Project("{9A19103F-16F7-4668-BE54-9A1E7A4F7556}") = "SqlBuildManager.Logging", "SqlBuildManager.Logging\SqlBuildManager.Logging.csproj", "{C9DE9821-BA13-4528-B149-A3E990530AAD}"
EndProject
Project("{9A19103F-16F7-4668-BE54-9A1E7A4F7556}") = "SqlSync.SqlBuild.Dependent.UnitTest", "SqlSync.SqlBuild.Dependent.UnitTest\SqlSync.SqlBuild.Dependent.UnitTest.csproj", "{0334A575-196C-470F-A2DF-75A599010FDC}"
EndProject
Project("{9A19103F-16F7-4668-BE54-9A1E7A4F7556}") = "SqlSync.SqlBuild.UnitTest", "SqlSync.SqlBuild.UnitTest\SqlSync.SqlBuild.UnitTest.csproj", "{BB28836A-AA83-49F0-802F-39D6847E3949}"
EndProject
Project("{9A19103F-16F7-4668-BE54-9A1E7A4F7556}") = "SqlBuildManager.Console.UnitTest", "SqlBuildManager.Console.UnitTest\SqlBuildManager.Console.UnitTest.csproj", "{517EC058-71E5-473C-AB9A-339623565AFC}"
EndProject
Project("{9A19103F-16F7-4668-BE54-9A1E7A4F7556}") = "SqlSync.ObjectScript.UnitTest", "SqlSync.ObjectScript.UnitTest\SqlSync.ObjectScript.UnitTest.csproj", "{08FEF1CB-B382-4C9D-AAFB-B85C790EAD96}"
EndProject
Project("{9A19103F-16F7-4668-BE54-9A1E7A4F7556}") = "SqlSync.Connection.Dependent.UnitTest", "SqlSync.Connection.Dependent.UnitTest\SqlSync.Connection.Dependent.UnitTest.csproj", "{448F2796-2D87-4165-9A11-81ED5D0EC62C}"
EndProject
Project("{9A19103F-16F7-4668-BE54-9A1E7A4F7556}") = "sbm", "SqlBuildManager.Console\sbm.csproj", "{85198616-FFA4-4FE2-83B2-C322E2F54FE2}"
EndProject
Project("{9A19103F-16F7-4668-BE54-9A1E7A4F7556}") = "SqlBuildManager.Console.ExternalTest", "SqlBuildManager.Console.ExternalTest\SqlBuildManager.Console.ExternalTest.csproj", "{DE4B2CCE-FBB9-464E-A307-B55D7DE60093}"
EndProject
Global
	GlobalSection(SolutionConfigurationPlatforms) = preSolution
		Debug|.NET = Debug|.NET
		Debug|Any CPU = Debug|Any CPU
		Debug|x64 = Debug|x64
		Debug|x86 = Debug|x86
		Release|.NET = Release|.NET
		Release|Any CPU = Release|Any CPU
		Release|x64 = Release|x64
		Release|x86 = Release|x86
	EndGlobalSection
	GlobalSection(ProjectConfigurationPlatforms) = postSolution
		{F54DD837-AD98-4A45-A709-1AA9E38E1A24}.Debug|.NET.ActiveCfg = Debug|Any CPU
		{F54DD837-AD98-4A45-A709-1AA9E38E1A24}.Debug|.NET.Build.0 = Debug|Any CPU
		{F54DD837-AD98-4A45-A709-1AA9E38E1A24}.Debug|Any CPU.ActiveCfg = Debug|Any CPU
		{F54DD837-AD98-4A45-A709-1AA9E38E1A24}.Debug|Any CPU.Build.0 = Debug|Any CPU
		{F54DD837-AD98-4A45-A709-1AA9E38E1A24}.Debug|x64.ActiveCfg = Debug|Any CPU
		{F54DD837-AD98-4A45-A709-1AA9E38E1A24}.Debug|x64.Build.0 = Debug|Any CPU
		{F54DD837-AD98-4A45-A709-1AA9E38E1A24}.Debug|x86.ActiveCfg = Debug|Any CPU
		{F54DD837-AD98-4A45-A709-1AA9E38E1A24}.Debug|x86.Build.0 = Debug|Any CPU
		{F54DD837-AD98-4A45-A709-1AA9E38E1A24}.Release|.NET.ActiveCfg = Release|Any CPU
		{F54DD837-AD98-4A45-A709-1AA9E38E1A24}.Release|.NET.Build.0 = Release|Any CPU
		{F54DD837-AD98-4A45-A709-1AA9E38E1A24}.Release|Any CPU.ActiveCfg = Release|Any CPU
		{F54DD837-AD98-4A45-A709-1AA9E38E1A24}.Release|Any CPU.Build.0 = Release|Any CPU
		{F54DD837-AD98-4A45-A709-1AA9E38E1A24}.Release|x64.ActiveCfg = Release|Any CPU
		{F54DD837-AD98-4A45-A709-1AA9E38E1A24}.Release|x64.Build.0 = Release|Any CPU
		{F54DD837-AD98-4A45-A709-1AA9E38E1A24}.Release|x86.ActiveCfg = Release|Any CPU
		{F54DD837-AD98-4A45-A709-1AA9E38E1A24}.Release|x86.Build.0 = Release|Any CPU
		{9B495B5F-1578-482B-8CF7-615B04D3AE2A}.Debug|.NET.ActiveCfg = Debug|Any CPU
		{9B495B5F-1578-482B-8CF7-615B04D3AE2A}.Debug|.NET.Build.0 = Debug|Any CPU
		{9B495B5F-1578-482B-8CF7-615B04D3AE2A}.Debug|Any CPU.ActiveCfg = Debug|Any CPU
		{9B495B5F-1578-482B-8CF7-615B04D3AE2A}.Debug|Any CPU.Build.0 = Debug|Any CPU
		{9B495B5F-1578-482B-8CF7-615B04D3AE2A}.Debug|x64.ActiveCfg = Debug|Any CPU
		{9B495B5F-1578-482B-8CF7-615B04D3AE2A}.Debug|x64.Build.0 = Debug|Any CPU
		{9B495B5F-1578-482B-8CF7-615B04D3AE2A}.Debug|x86.ActiveCfg = Debug|Any CPU
		{9B495B5F-1578-482B-8CF7-615B04D3AE2A}.Debug|x86.Build.0 = Debug|Any CPU
		{9B495B5F-1578-482B-8CF7-615B04D3AE2A}.Release|.NET.ActiveCfg = Release|Any CPU
		{9B495B5F-1578-482B-8CF7-615B04D3AE2A}.Release|.NET.Build.0 = Release|Any CPU
		{9B495B5F-1578-482B-8CF7-615B04D3AE2A}.Release|Any CPU.ActiveCfg = Release|Any CPU
		{9B495B5F-1578-482B-8CF7-615B04D3AE2A}.Release|Any CPU.Build.0 = Release|Any CPU
		{9B495B5F-1578-482B-8CF7-615B04D3AE2A}.Release|x64.ActiveCfg = Release|Any CPU
		{9B495B5F-1578-482B-8CF7-615B04D3AE2A}.Release|x64.Build.0 = Release|Any CPU
		{9B495B5F-1578-482B-8CF7-615B04D3AE2A}.Release|x86.ActiveCfg = Release|Any CPU
		{9B495B5F-1578-482B-8CF7-615B04D3AE2A}.Release|x86.Build.0 = Release|Any CPU
		{7902D9B0-FC03-42C7-9615-A2072D546EBD}.Debug|.NET.ActiveCfg = Debug|Any CPU
		{7902D9B0-FC03-42C7-9615-A2072D546EBD}.Debug|.NET.Build.0 = Debug|Any CPU
		{7902D9B0-FC03-42C7-9615-A2072D546EBD}.Debug|Any CPU.ActiveCfg = Debug|Any CPU
		{7902D9B0-FC03-42C7-9615-A2072D546EBD}.Debug|Any CPU.Build.0 = Debug|Any CPU
		{7902D9B0-FC03-42C7-9615-A2072D546EBD}.Debug|x64.ActiveCfg = Debug|Any CPU
		{7902D9B0-FC03-42C7-9615-A2072D546EBD}.Debug|x64.Build.0 = Debug|Any CPU
		{7902D9B0-FC03-42C7-9615-A2072D546EBD}.Debug|x86.ActiveCfg = Debug|Any CPU
		{7902D9B0-FC03-42C7-9615-A2072D546EBD}.Debug|x86.Build.0 = Debug|Any CPU
		{7902D9B0-FC03-42C7-9615-A2072D546EBD}.Release|.NET.ActiveCfg = Release|Any CPU
		{7902D9B0-FC03-42C7-9615-A2072D546EBD}.Release|.NET.Build.0 = Release|Any CPU
		{7902D9B0-FC03-42C7-9615-A2072D546EBD}.Release|Any CPU.ActiveCfg = Release|Any CPU
		{7902D9B0-FC03-42C7-9615-A2072D546EBD}.Release|Any CPU.Build.0 = Release|Any CPU
		{7902D9B0-FC03-42C7-9615-A2072D546EBD}.Release|x64.ActiveCfg = Release|Any CPU
		{7902D9B0-FC03-42C7-9615-A2072D546EBD}.Release|x64.Build.0 = Release|Any CPU
		{7902D9B0-FC03-42C7-9615-A2072D546EBD}.Release|x86.ActiveCfg = Release|Any CPU
		{7902D9B0-FC03-42C7-9615-A2072D546EBD}.Release|x86.Build.0 = Release|Any CPU
		{F3F1EFFF-265E-4995-958B-9763F947E5C8}.Debug|.NET.ActiveCfg = Debug|Any CPU
		{F3F1EFFF-265E-4995-958B-9763F947E5C8}.Debug|.NET.Build.0 = Debug|Any CPU
		{F3F1EFFF-265E-4995-958B-9763F947E5C8}.Debug|Any CPU.ActiveCfg = Debug|Any CPU
		{F3F1EFFF-265E-4995-958B-9763F947E5C8}.Debug|Any CPU.Build.0 = Debug|Any CPU
		{F3F1EFFF-265E-4995-958B-9763F947E5C8}.Debug|x64.ActiveCfg = Debug|Any CPU
		{F3F1EFFF-265E-4995-958B-9763F947E5C8}.Debug|x64.Build.0 = Debug|Any CPU
		{F3F1EFFF-265E-4995-958B-9763F947E5C8}.Debug|x86.ActiveCfg = Debug|Any CPU
		{F3F1EFFF-265E-4995-958B-9763F947E5C8}.Debug|x86.Build.0 = Debug|Any CPU
		{F3F1EFFF-265E-4995-958B-9763F947E5C8}.Release|.NET.ActiveCfg = Release|Any CPU
		{F3F1EFFF-265E-4995-958B-9763F947E5C8}.Release|.NET.Build.0 = Release|Any CPU
		{F3F1EFFF-265E-4995-958B-9763F947E5C8}.Release|Any CPU.ActiveCfg = Release|Any CPU
		{F3F1EFFF-265E-4995-958B-9763F947E5C8}.Release|Any CPU.Build.0 = Release|Any CPU
		{F3F1EFFF-265E-4995-958B-9763F947E5C8}.Release|x64.ActiveCfg = Release|Any CPU
		{F3F1EFFF-265E-4995-958B-9763F947E5C8}.Release|x64.Build.0 = Release|Any CPU
		{F3F1EFFF-265E-4995-958B-9763F947E5C8}.Release|x86.ActiveCfg = Release|Any CPU
		{F3F1EFFF-265E-4995-958B-9763F947E5C8}.Release|x86.Build.0 = Release|Any CPU
		{93EC5C55-84BB-4FA4-8599-A6C85841E982}.Debug|.NET.ActiveCfg = Debug|Any CPU
		{93EC5C55-84BB-4FA4-8599-A6C85841E982}.Debug|.NET.Build.0 = Debug|Any CPU
		{93EC5C55-84BB-4FA4-8599-A6C85841E982}.Debug|Any CPU.ActiveCfg = Debug|Any CPU
		{93EC5C55-84BB-4FA4-8599-A6C85841E982}.Debug|Any CPU.Build.0 = Debug|Any CPU
		{93EC5C55-84BB-4FA4-8599-A6C85841E982}.Debug|x64.ActiveCfg = Debug|Any CPU
		{93EC5C55-84BB-4FA4-8599-A6C85841E982}.Debug|x64.Build.0 = Debug|Any CPU
		{93EC5C55-84BB-4FA4-8599-A6C85841E982}.Debug|x86.ActiveCfg = Debug|Any CPU
		{93EC5C55-84BB-4FA4-8599-A6C85841E982}.Debug|x86.Build.0 = Debug|Any CPU
		{93EC5C55-84BB-4FA4-8599-A6C85841E982}.Release|.NET.ActiveCfg = Release|Any CPU
		{93EC5C55-84BB-4FA4-8599-A6C85841E982}.Release|.NET.Build.0 = Release|Any CPU
		{93EC5C55-84BB-4FA4-8599-A6C85841E982}.Release|Any CPU.ActiveCfg = Release|Any CPU
		{93EC5C55-84BB-4FA4-8599-A6C85841E982}.Release|Any CPU.Build.0 = Release|Any CPU
		{93EC5C55-84BB-4FA4-8599-A6C85841E982}.Release|x64.ActiveCfg = Release|Any CPU
		{93EC5C55-84BB-4FA4-8599-A6C85841E982}.Release|x64.Build.0 = Release|Any CPU
		{93EC5C55-84BB-4FA4-8599-A6C85841E982}.Release|x86.ActiveCfg = Release|Any CPU
		{93EC5C55-84BB-4FA4-8599-A6C85841E982}.Release|x86.Build.0 = Release|Any CPU
		{CD09B7DB-851B-4321-9E21-16948DA7FA07}.Debug|.NET.ActiveCfg = Debug|Any CPU
		{CD09B7DB-851B-4321-9E21-16948DA7FA07}.Debug|.NET.Build.0 = Debug|Any CPU
		{CD09B7DB-851B-4321-9E21-16948DA7FA07}.Debug|Any CPU.ActiveCfg = Debug|Any CPU
		{CD09B7DB-851B-4321-9E21-16948DA7FA07}.Debug|Any CPU.Build.0 = Debug|Any CPU
		{CD09B7DB-851B-4321-9E21-16948DA7FA07}.Debug|x64.ActiveCfg = Debug|Any CPU
		{CD09B7DB-851B-4321-9E21-16948DA7FA07}.Debug|x64.Build.0 = Debug|Any CPU
		{CD09B7DB-851B-4321-9E21-16948DA7FA07}.Debug|x86.ActiveCfg = Debug|Any CPU
		{CD09B7DB-851B-4321-9E21-16948DA7FA07}.Debug|x86.Build.0 = Debug|Any CPU
		{CD09B7DB-851B-4321-9E21-16948DA7FA07}.Release|.NET.ActiveCfg = Release|Any CPU
		{CD09B7DB-851B-4321-9E21-16948DA7FA07}.Release|.NET.Build.0 = Release|Any CPU
		{CD09B7DB-851B-4321-9E21-16948DA7FA07}.Release|Any CPU.ActiveCfg = Release|Any CPU
		{CD09B7DB-851B-4321-9E21-16948DA7FA07}.Release|Any CPU.Build.0 = Release|Any CPU
		{CD09B7DB-851B-4321-9E21-16948DA7FA07}.Release|x64.ActiveCfg = Release|Any CPU
		{CD09B7DB-851B-4321-9E21-16948DA7FA07}.Release|x64.Build.0 = Release|Any CPU
		{CD09B7DB-851B-4321-9E21-16948DA7FA07}.Release|x86.ActiveCfg = Release|Any CPU
		{CD09B7DB-851B-4321-9E21-16948DA7FA07}.Release|x86.Build.0 = Release|Any CPU
		{D68699E6-B97C-4BC4-AD52-5F3C63DB24A7}.Debug|.NET.ActiveCfg = Debug|Any CPU
		{D68699E6-B97C-4BC4-AD52-5F3C63DB24A7}.Debug|.NET.Build.0 = Debug|Any CPU
		{D68699E6-B97C-4BC4-AD52-5F3C63DB24A7}.Debug|Any CPU.ActiveCfg = Debug|Any CPU
		{D68699E6-B97C-4BC4-AD52-5F3C63DB24A7}.Debug|Any CPU.Build.0 = Debug|Any CPU
		{D68699E6-B97C-4BC4-AD52-5F3C63DB24A7}.Debug|x64.ActiveCfg = Debug|Any CPU
		{D68699E6-B97C-4BC4-AD52-5F3C63DB24A7}.Debug|x64.Build.0 = Debug|Any CPU
		{D68699E6-B97C-4BC4-AD52-5F3C63DB24A7}.Debug|x86.ActiveCfg = Debug|Any CPU
		{D68699E6-B97C-4BC4-AD52-5F3C63DB24A7}.Debug|x86.Build.0 = Debug|Any CPU
		{D68699E6-B97C-4BC4-AD52-5F3C63DB24A7}.Release|.NET.ActiveCfg = Release|Any CPU
		{D68699E6-B97C-4BC4-AD52-5F3C63DB24A7}.Release|.NET.Build.0 = Release|Any CPU
		{D68699E6-B97C-4BC4-AD52-5F3C63DB24A7}.Release|Any CPU.ActiveCfg = Release|Any CPU
		{D68699E6-B97C-4BC4-AD52-5F3C63DB24A7}.Release|Any CPU.Build.0 = Release|Any CPU
		{D68699E6-B97C-4BC4-AD52-5F3C63DB24A7}.Release|x64.ActiveCfg = Release|Any CPU
		{D68699E6-B97C-4BC4-AD52-5F3C63DB24A7}.Release|x64.Build.0 = Release|Any CPU
		{D68699E6-B97C-4BC4-AD52-5F3C63DB24A7}.Release|x86.ActiveCfg = Release|Any CPU
		{D68699E6-B97C-4BC4-AD52-5F3C63DB24A7}.Release|x86.Build.0 = Release|Any CPU
		{053B2B2A-51CF-48CD-BD22-8DED7D292690}.Debug|.NET.ActiveCfg = Debug|Any CPU
		{053B2B2A-51CF-48CD-BD22-8DED7D292690}.Debug|.NET.Build.0 = Debug|Any CPU
		{053B2B2A-51CF-48CD-BD22-8DED7D292690}.Debug|Any CPU.ActiveCfg = Debug|Any CPU
		{053B2B2A-51CF-48CD-BD22-8DED7D292690}.Debug|Any CPU.Build.0 = Debug|Any CPU
		{053B2B2A-51CF-48CD-BD22-8DED7D292690}.Debug|x64.ActiveCfg = Debug|Any CPU
		{053B2B2A-51CF-48CD-BD22-8DED7D292690}.Debug|x64.Build.0 = Debug|Any CPU
		{053B2B2A-51CF-48CD-BD22-8DED7D292690}.Debug|x86.ActiveCfg = Debug|Any CPU
		{053B2B2A-51CF-48CD-BD22-8DED7D292690}.Debug|x86.Build.0 = Debug|Any CPU
		{053B2B2A-51CF-48CD-BD22-8DED7D292690}.Release|.NET.ActiveCfg = Release|Any CPU
		{053B2B2A-51CF-48CD-BD22-8DED7D292690}.Release|.NET.Build.0 = Release|Any CPU
		{053B2B2A-51CF-48CD-BD22-8DED7D292690}.Release|Any CPU.ActiveCfg = Release|Any CPU
		{053B2B2A-51CF-48CD-BD22-8DED7D292690}.Release|Any CPU.Build.0 = Release|Any CPU
		{053B2B2A-51CF-48CD-BD22-8DED7D292690}.Release|x64.ActiveCfg = Release|Any CPU
		{053B2B2A-51CF-48CD-BD22-8DED7D292690}.Release|x64.Build.0 = Release|Any CPU
		{053B2B2A-51CF-48CD-BD22-8DED7D292690}.Release|x86.ActiveCfg = Release|Any CPU
		{053B2B2A-51CF-48CD-BD22-8DED7D292690}.Release|x86.Build.0 = Release|Any CPU
		{0959BC04-AEFF-42F4-918B-0636D0239830}.Debug|.NET.ActiveCfg = Debug|Any CPU
		{0959BC04-AEFF-42F4-918B-0636D0239830}.Debug|.NET.Build.0 = Debug|Any CPU
		{0959BC04-AEFF-42F4-918B-0636D0239830}.Debug|Any CPU.ActiveCfg = Debug|Any CPU
		{0959BC04-AEFF-42F4-918B-0636D0239830}.Debug|Any CPU.Build.0 = Debug|Any CPU
		{0959BC04-AEFF-42F4-918B-0636D0239830}.Debug|x64.ActiveCfg = Debug|Any CPU
		{0959BC04-AEFF-42F4-918B-0636D0239830}.Debug|x64.Build.0 = Debug|Any CPU
		{0959BC04-AEFF-42F4-918B-0636D0239830}.Debug|x86.ActiveCfg = Debug|Any CPU
		{0959BC04-AEFF-42F4-918B-0636D0239830}.Debug|x86.Build.0 = Debug|Any CPU
		{0959BC04-AEFF-42F4-918B-0636D0239830}.Release|.NET.ActiveCfg = Release|Any CPU
		{0959BC04-AEFF-42F4-918B-0636D0239830}.Release|.NET.Build.0 = Release|Any CPU
		{0959BC04-AEFF-42F4-918B-0636D0239830}.Release|Any CPU.ActiveCfg = Release|Any CPU
		{0959BC04-AEFF-42F4-918B-0636D0239830}.Release|Any CPU.Build.0 = Release|Any CPU
		{0959BC04-AEFF-42F4-918B-0636D0239830}.Release|x64.ActiveCfg = Release|Any CPU
		{0959BC04-AEFF-42F4-918B-0636D0239830}.Release|x64.Build.0 = Release|Any CPU
		{0959BC04-AEFF-42F4-918B-0636D0239830}.Release|x86.ActiveCfg = Release|Any CPU
		{0959BC04-AEFF-42F4-918B-0636D0239830}.Release|x86.Build.0 = Release|Any CPU
		{37A22666-195A-4CBB-A541-CFFBFB9D7905}.Debug|.NET.ActiveCfg = Debug|Any CPU
		{37A22666-195A-4CBB-A541-CFFBFB9D7905}.Debug|.NET.Build.0 = Debug|Any CPU
		{37A22666-195A-4CBB-A541-CFFBFB9D7905}.Debug|Any CPU.ActiveCfg = Debug|Any CPU
		{37A22666-195A-4CBB-A541-CFFBFB9D7905}.Debug|Any CPU.Build.0 = Debug|Any CPU
		{37A22666-195A-4CBB-A541-CFFBFB9D7905}.Debug|x64.ActiveCfg = Debug|Any CPU
		{37A22666-195A-4CBB-A541-CFFBFB9D7905}.Debug|x64.Build.0 = Debug|Any CPU
		{37A22666-195A-4CBB-A541-CFFBFB9D7905}.Debug|x86.ActiveCfg = Debug|Any CPU
		{37A22666-195A-4CBB-A541-CFFBFB9D7905}.Debug|x86.Build.0 = Debug|Any CPU
		{37A22666-195A-4CBB-A541-CFFBFB9D7905}.Release|.NET.ActiveCfg = Release|Any CPU
		{37A22666-195A-4CBB-A541-CFFBFB9D7905}.Release|.NET.Build.0 = Release|Any CPU
		{37A22666-195A-4CBB-A541-CFFBFB9D7905}.Release|Any CPU.ActiveCfg = Release|Any CPU
		{37A22666-195A-4CBB-A541-CFFBFB9D7905}.Release|Any CPU.Build.0 = Release|Any CPU
		{37A22666-195A-4CBB-A541-CFFBFB9D7905}.Release|x64.ActiveCfg = Release|Any CPU
		{37A22666-195A-4CBB-A541-CFFBFB9D7905}.Release|x64.Build.0 = Release|Any CPU
		{37A22666-195A-4CBB-A541-CFFBFB9D7905}.Release|x86.ActiveCfg = Release|Any CPU
		{37A22666-195A-4CBB-A541-CFFBFB9D7905}.Release|x86.Build.0 = Release|Any CPU
		{ABC20CD6-C24A-4B58-8D0F-71FBDB64EBDE}.Debug|.NET.ActiveCfg = Debug|Any CPU
		{ABC20CD6-C24A-4B58-8D0F-71FBDB64EBDE}.Debug|.NET.Build.0 = Debug|Any CPU
		{ABC20CD6-C24A-4B58-8D0F-71FBDB64EBDE}.Debug|Any CPU.ActiveCfg = Debug|Any CPU
		{ABC20CD6-C24A-4B58-8D0F-71FBDB64EBDE}.Debug|Any CPU.Build.0 = Debug|Any CPU
		{ABC20CD6-C24A-4B58-8D0F-71FBDB64EBDE}.Debug|x64.ActiveCfg = Debug|Any CPU
		{ABC20CD6-C24A-4B58-8D0F-71FBDB64EBDE}.Debug|x64.Build.0 = Debug|Any CPU
		{ABC20CD6-C24A-4B58-8D0F-71FBDB64EBDE}.Debug|x86.ActiveCfg = Debug|Any CPU
		{ABC20CD6-C24A-4B58-8D0F-71FBDB64EBDE}.Debug|x86.Build.0 = Debug|Any CPU
		{ABC20CD6-C24A-4B58-8D0F-71FBDB64EBDE}.Release|.NET.ActiveCfg = Release|Any CPU
		{ABC20CD6-C24A-4B58-8D0F-71FBDB64EBDE}.Release|.NET.Build.0 = Release|Any CPU
		{ABC20CD6-C24A-4B58-8D0F-71FBDB64EBDE}.Release|Any CPU.ActiveCfg = Release|Any CPU
		{ABC20CD6-C24A-4B58-8D0F-71FBDB64EBDE}.Release|Any CPU.Build.0 = Release|Any CPU
		{ABC20CD6-C24A-4B58-8D0F-71FBDB64EBDE}.Release|x64.ActiveCfg = Release|Any CPU
		{ABC20CD6-C24A-4B58-8D0F-71FBDB64EBDE}.Release|x64.Build.0 = Release|Any CPU
		{ABC20CD6-C24A-4B58-8D0F-71FBDB64EBDE}.Release|x86.ActiveCfg = Release|Any CPU
		{ABC20CD6-C24A-4B58-8D0F-71FBDB64EBDE}.Release|x86.Build.0 = Release|Any CPU
		{AEBC2C93-C00E-4F48-8C83-0F69417F0C25}.Debug|.NET.ActiveCfg = Debug|Any CPU
		{AEBC2C93-C00E-4F48-8C83-0F69417F0C25}.Debug|.NET.Build.0 = Debug|Any CPU
		{AEBC2C93-C00E-4F48-8C83-0F69417F0C25}.Debug|Any CPU.ActiveCfg = Debug|Any CPU
		{AEBC2C93-C00E-4F48-8C83-0F69417F0C25}.Debug|Any CPU.Build.0 = Debug|Any CPU
		{AEBC2C93-C00E-4F48-8C83-0F69417F0C25}.Debug|x64.ActiveCfg = Debug|Any CPU
		{AEBC2C93-C00E-4F48-8C83-0F69417F0C25}.Debug|x64.Build.0 = Debug|Any CPU
		{AEBC2C93-C00E-4F48-8C83-0F69417F0C25}.Debug|x86.ActiveCfg = Debug|Any CPU
		{AEBC2C93-C00E-4F48-8C83-0F69417F0C25}.Debug|x86.Build.0 = Debug|Any CPU
		{AEBC2C93-C00E-4F48-8C83-0F69417F0C25}.Release|.NET.ActiveCfg = Release|Any CPU
		{AEBC2C93-C00E-4F48-8C83-0F69417F0C25}.Release|.NET.Build.0 = Release|Any CPU
		{AEBC2C93-C00E-4F48-8C83-0F69417F0C25}.Release|Any CPU.ActiveCfg = Release|Any CPU
		{AEBC2C93-C00E-4F48-8C83-0F69417F0C25}.Release|Any CPU.Build.0 = Release|Any CPU
		{AEBC2C93-C00E-4F48-8C83-0F69417F0C25}.Release|x64.ActiveCfg = Release|Any CPU
		{AEBC2C93-C00E-4F48-8C83-0F69417F0C25}.Release|x64.Build.0 = Release|Any CPU
		{AEBC2C93-C00E-4F48-8C83-0F69417F0C25}.Release|x86.ActiveCfg = Release|Any CPU
		{AEBC2C93-C00E-4F48-8C83-0F69417F0C25}.Release|x86.Build.0 = Release|Any CPU
		{1AA87D2D-5AB3-4DA6-9C88-4DDD27116CB6}.Debug|.NET.ActiveCfg = Debug|Any CPU
		{1AA87D2D-5AB3-4DA6-9C88-4DDD27116CB6}.Debug|.NET.Build.0 = Debug|Any CPU
		{1AA87D2D-5AB3-4DA6-9C88-4DDD27116CB6}.Debug|Any CPU.ActiveCfg = Debug|Any CPU
		{1AA87D2D-5AB3-4DA6-9C88-4DDD27116CB6}.Debug|Any CPU.Build.0 = Debug|Any CPU
		{1AA87D2D-5AB3-4DA6-9C88-4DDD27116CB6}.Debug|x64.ActiveCfg = Debug|Any CPU
		{1AA87D2D-5AB3-4DA6-9C88-4DDD27116CB6}.Debug|x64.Build.0 = Debug|Any CPU
		{1AA87D2D-5AB3-4DA6-9C88-4DDD27116CB6}.Debug|x86.ActiveCfg = Debug|Any CPU
		{1AA87D2D-5AB3-4DA6-9C88-4DDD27116CB6}.Debug|x86.Build.0 = Debug|Any CPU
		{1AA87D2D-5AB3-4DA6-9C88-4DDD27116CB6}.Release|.NET.ActiveCfg = Release|Any CPU
		{1AA87D2D-5AB3-4DA6-9C88-4DDD27116CB6}.Release|.NET.Build.0 = Release|Any CPU
		{1AA87D2D-5AB3-4DA6-9C88-4DDD27116CB6}.Release|Any CPU.ActiveCfg = Release|Any CPU
		{1AA87D2D-5AB3-4DA6-9C88-4DDD27116CB6}.Release|Any CPU.Build.0 = Release|Any CPU
		{1AA87D2D-5AB3-4DA6-9C88-4DDD27116CB6}.Release|x64.ActiveCfg = Release|Any CPU
		{1AA87D2D-5AB3-4DA6-9C88-4DDD27116CB6}.Release|x64.Build.0 = Release|Any CPU
		{1AA87D2D-5AB3-4DA6-9C88-4DDD27116CB6}.Release|x86.ActiveCfg = Release|Any CPU
		{1AA87D2D-5AB3-4DA6-9C88-4DDD27116CB6}.Release|x86.Build.0 = Release|Any CPU
		{F0ECC8B6-3FE6-4628-AFA4-D485D40F982A}.Debug|.NET.ActiveCfg = Debug|Any CPU
		{F0ECC8B6-3FE6-4628-AFA4-D485D40F982A}.Debug|.NET.Build.0 = Debug|Any CPU
		{F0ECC8B6-3FE6-4628-AFA4-D485D40F982A}.Debug|Any CPU.ActiveCfg = Debug|Any CPU
		{F0ECC8B6-3FE6-4628-AFA4-D485D40F982A}.Debug|Any CPU.Build.0 = Debug|Any CPU
		{F0ECC8B6-3FE6-4628-AFA4-D485D40F982A}.Debug|x64.ActiveCfg = Debug|Any CPU
		{F0ECC8B6-3FE6-4628-AFA4-D485D40F982A}.Debug|x64.Build.0 = Debug|Any CPU
		{F0ECC8B6-3FE6-4628-AFA4-D485D40F982A}.Debug|x86.ActiveCfg = Debug|Any CPU
		{F0ECC8B6-3FE6-4628-AFA4-D485D40F982A}.Debug|x86.Build.0 = Debug|Any CPU
		{F0ECC8B6-3FE6-4628-AFA4-D485D40F982A}.Release|.NET.ActiveCfg = Release|Any CPU
		{F0ECC8B6-3FE6-4628-AFA4-D485D40F982A}.Release|.NET.Build.0 = Release|Any CPU
		{F0ECC8B6-3FE6-4628-AFA4-D485D40F982A}.Release|Any CPU.ActiveCfg = Release|Any CPU
		{F0ECC8B6-3FE6-4628-AFA4-D485D40F982A}.Release|Any CPU.Build.0 = Release|Any CPU
		{F0ECC8B6-3FE6-4628-AFA4-D485D40F982A}.Release|x64.ActiveCfg = Release|Any CPU
		{F0ECC8B6-3FE6-4628-AFA4-D485D40F982A}.Release|x64.Build.0 = Release|Any CPU
		{F0ECC8B6-3FE6-4628-AFA4-D485D40F982A}.Release|x86.ActiveCfg = Release|Any CPU
		{F0ECC8B6-3FE6-4628-AFA4-D485D40F982A}.Release|x86.Build.0 = Release|Any CPU
		{ABA09777-000D-44ED-9D2F-52D112C257F8}.Debug|.NET.ActiveCfg = Debug|Any CPU
		{ABA09777-000D-44ED-9D2F-52D112C257F8}.Debug|.NET.Build.0 = Debug|Any CPU
		{ABA09777-000D-44ED-9D2F-52D112C257F8}.Debug|Any CPU.ActiveCfg = Debug|Any CPU
		{ABA09777-000D-44ED-9D2F-52D112C257F8}.Debug|Any CPU.Build.0 = Debug|Any CPU
		{ABA09777-000D-44ED-9D2F-52D112C257F8}.Debug|x64.ActiveCfg = Debug|Any CPU
		{ABA09777-000D-44ED-9D2F-52D112C257F8}.Debug|x64.Build.0 = Debug|Any CPU
		{ABA09777-000D-44ED-9D2F-52D112C257F8}.Debug|x86.ActiveCfg = Debug|Any CPU
		{ABA09777-000D-44ED-9D2F-52D112C257F8}.Debug|x86.Build.0 = Debug|Any CPU
		{ABA09777-000D-44ED-9D2F-52D112C257F8}.Release|.NET.ActiveCfg = Release|Any CPU
		{ABA09777-000D-44ED-9D2F-52D112C257F8}.Release|.NET.Build.0 = Release|Any CPU
		{ABA09777-000D-44ED-9D2F-52D112C257F8}.Release|Any CPU.ActiveCfg = Release|Any CPU
		{ABA09777-000D-44ED-9D2F-52D112C257F8}.Release|Any CPU.Build.0 = Release|Any CPU
		{ABA09777-000D-44ED-9D2F-52D112C257F8}.Release|x64.ActiveCfg = Release|Any CPU
		{ABA09777-000D-44ED-9D2F-52D112C257F8}.Release|x64.Build.0 = Release|Any CPU
		{ABA09777-000D-44ED-9D2F-52D112C257F8}.Release|x86.ActiveCfg = Release|Any CPU
		{ABA09777-000D-44ED-9D2F-52D112C257F8}.Release|x86.Build.0 = Release|Any CPU
		{BA445E2B-A9B2-4C8B-BD46-AF49103D899D}.Debug|.NET.ActiveCfg = Debug|Any CPU
		{BA445E2B-A9B2-4C8B-BD46-AF49103D899D}.Debug|.NET.Build.0 = Debug|Any CPU
		{BA445E2B-A9B2-4C8B-BD46-AF49103D899D}.Debug|Any CPU.ActiveCfg = Debug|Any CPU
		{BA445E2B-A9B2-4C8B-BD46-AF49103D899D}.Debug|Any CPU.Build.0 = Debug|Any CPU
		{BA445E2B-A9B2-4C8B-BD46-AF49103D899D}.Debug|x64.ActiveCfg = Debug|Any CPU
		{BA445E2B-A9B2-4C8B-BD46-AF49103D899D}.Debug|x64.Build.0 = Debug|Any CPU
		{BA445E2B-A9B2-4C8B-BD46-AF49103D899D}.Debug|x86.ActiveCfg = Debug|Any CPU
		{BA445E2B-A9B2-4C8B-BD46-AF49103D899D}.Debug|x86.Build.0 = Debug|Any CPU
		{BA445E2B-A9B2-4C8B-BD46-AF49103D899D}.Release|.NET.ActiveCfg = Release|Any CPU
		{BA445E2B-A9B2-4C8B-BD46-AF49103D899D}.Release|.NET.Build.0 = Release|Any CPU
		{BA445E2B-A9B2-4C8B-BD46-AF49103D899D}.Release|Any CPU.ActiveCfg = Release|Any CPU
		{BA445E2B-A9B2-4C8B-BD46-AF49103D899D}.Release|Any CPU.Build.0 = Release|Any CPU
		{BA445E2B-A9B2-4C8B-BD46-AF49103D899D}.Release|x64.ActiveCfg = Release|Any CPU
		{BA445E2B-A9B2-4C8B-BD46-AF49103D899D}.Release|x64.Build.0 = Release|Any CPU
		{BA445E2B-A9B2-4C8B-BD46-AF49103D899D}.Release|x86.ActiveCfg = Release|Any CPU
		{BA445E2B-A9B2-4C8B-BD46-AF49103D899D}.Release|x86.Build.0 = Release|Any CPU
		{59C6CCE5-78EB-4227-92EE-4E05DAFD679A}.Debug|.NET.ActiveCfg = Debug|Any CPU
		{59C6CCE5-78EB-4227-92EE-4E05DAFD679A}.Debug|.NET.Build.0 = Debug|Any CPU
		{59C6CCE5-78EB-4227-92EE-4E05DAFD679A}.Debug|Any CPU.ActiveCfg = Debug|Any CPU
		{59C6CCE5-78EB-4227-92EE-4E05DAFD679A}.Debug|Any CPU.Build.0 = Debug|Any CPU
		{59C6CCE5-78EB-4227-92EE-4E05DAFD679A}.Debug|x64.ActiveCfg = Debug|Any CPU
		{59C6CCE5-78EB-4227-92EE-4E05DAFD679A}.Debug|x64.Build.0 = Debug|Any CPU
		{59C6CCE5-78EB-4227-92EE-4E05DAFD679A}.Debug|x86.ActiveCfg = Debug|Any CPU
		{59C6CCE5-78EB-4227-92EE-4E05DAFD679A}.Debug|x86.Build.0 = Debug|Any CPU
		{59C6CCE5-78EB-4227-92EE-4E05DAFD679A}.Release|.NET.ActiveCfg = Release|Any CPU
		{59C6CCE5-78EB-4227-92EE-4E05DAFD679A}.Release|.NET.Build.0 = Release|Any CPU
		{59C6CCE5-78EB-4227-92EE-4E05DAFD679A}.Release|Any CPU.ActiveCfg = Release|Any CPU
		{59C6CCE5-78EB-4227-92EE-4E05DAFD679A}.Release|Any CPU.Build.0 = Release|Any CPU
		{59C6CCE5-78EB-4227-92EE-4E05DAFD679A}.Release|x64.ActiveCfg = Release|Any CPU
		{59C6CCE5-78EB-4227-92EE-4E05DAFD679A}.Release|x64.Build.0 = Release|Any CPU
		{59C6CCE5-78EB-4227-92EE-4E05DAFD679A}.Release|x86.ActiveCfg = Release|Any CPU
		{59C6CCE5-78EB-4227-92EE-4E05DAFD679A}.Release|x86.Build.0 = Release|Any CPU
		{FDC576E6-ACC8-41D4-8A56-8E6E00221306}.Debug|.NET.ActiveCfg = Debug|Any CPU
		{FDC576E6-ACC8-41D4-8A56-8E6E00221306}.Debug|.NET.Build.0 = Debug|Any CPU
		{FDC576E6-ACC8-41D4-8A56-8E6E00221306}.Debug|Any CPU.ActiveCfg = Debug|Any CPU
		{FDC576E6-ACC8-41D4-8A56-8E6E00221306}.Debug|Any CPU.Build.0 = Debug|Any CPU
		{FDC576E6-ACC8-41D4-8A56-8E6E00221306}.Debug|x64.ActiveCfg = Debug|Any CPU
		{FDC576E6-ACC8-41D4-8A56-8E6E00221306}.Debug|x64.Build.0 = Debug|Any CPU
		{FDC576E6-ACC8-41D4-8A56-8E6E00221306}.Debug|x86.ActiveCfg = Debug|Any CPU
		{FDC576E6-ACC8-41D4-8A56-8E6E00221306}.Debug|x86.Build.0 = Debug|Any CPU
		{FDC576E6-ACC8-41D4-8A56-8E6E00221306}.Release|.NET.ActiveCfg = Release|Any CPU
		{FDC576E6-ACC8-41D4-8A56-8E6E00221306}.Release|.NET.Build.0 = Release|Any CPU
		{FDC576E6-ACC8-41D4-8A56-8E6E00221306}.Release|Any CPU.ActiveCfg = Release|Any CPU
		{FDC576E6-ACC8-41D4-8A56-8E6E00221306}.Release|Any CPU.Build.0 = Release|Any CPU
		{FDC576E6-ACC8-41D4-8A56-8E6E00221306}.Release|x64.ActiveCfg = Release|Any CPU
		{FDC576E6-ACC8-41D4-8A56-8E6E00221306}.Release|x64.Build.0 = Release|Any CPU
		{FDC576E6-ACC8-41D4-8A56-8E6E00221306}.Release|x86.ActiveCfg = Release|Any CPU
		{FDC576E6-ACC8-41D4-8A56-8E6E00221306}.Release|x86.Build.0 = Release|Any CPU
		{15497702-FB61-4316-949B-A8ED2EEC694A}.Debug|.NET.ActiveCfg = Debug|Any CPU
		{15497702-FB61-4316-949B-A8ED2EEC694A}.Debug|.NET.Build.0 = Debug|Any CPU
		{15497702-FB61-4316-949B-A8ED2EEC694A}.Debug|Any CPU.ActiveCfg = Debug|Any CPU
		{15497702-FB61-4316-949B-A8ED2EEC694A}.Debug|Any CPU.Build.0 = Debug|Any CPU
		{15497702-FB61-4316-949B-A8ED2EEC694A}.Debug|x64.ActiveCfg = Debug|Any CPU
		{15497702-FB61-4316-949B-A8ED2EEC694A}.Debug|x64.Build.0 = Debug|Any CPU
		{15497702-FB61-4316-949B-A8ED2EEC694A}.Debug|x86.ActiveCfg = Debug|Any CPU
		{15497702-FB61-4316-949B-A8ED2EEC694A}.Debug|x86.Build.0 = Debug|Any CPU
		{15497702-FB61-4316-949B-A8ED2EEC694A}.Release|.NET.ActiveCfg = Release|Any CPU
		{15497702-FB61-4316-949B-A8ED2EEC694A}.Release|.NET.Build.0 = Release|Any CPU
		{15497702-FB61-4316-949B-A8ED2EEC694A}.Release|Any CPU.ActiveCfg = Release|Any CPU
		{15497702-FB61-4316-949B-A8ED2EEC694A}.Release|Any CPU.Build.0 = Release|Any CPU
		{15497702-FB61-4316-949B-A8ED2EEC694A}.Release|x64.ActiveCfg = Release|Any CPU
		{15497702-FB61-4316-949B-A8ED2EEC694A}.Release|x64.Build.0 = Release|Any CPU
		{15497702-FB61-4316-949B-A8ED2EEC694A}.Release|x86.ActiveCfg = Release|Any CPU
		{15497702-FB61-4316-949B-A8ED2EEC694A}.Release|x86.Build.0 = Release|Any CPU
		{4ABDFB46-9ABA-4C3D-BE82-92B481D5826E}.Debug|.NET.ActiveCfg = Debug|Any CPU
		{4ABDFB46-9ABA-4C3D-BE82-92B481D5826E}.Debug|.NET.Build.0 = Debug|Any CPU
		{4ABDFB46-9ABA-4C3D-BE82-92B481D5826E}.Debug|Any CPU.ActiveCfg = Debug|Any CPU
		{4ABDFB46-9ABA-4C3D-BE82-92B481D5826E}.Debug|Any CPU.Build.0 = Debug|Any CPU
		{4ABDFB46-9ABA-4C3D-BE82-92B481D5826E}.Debug|x64.ActiveCfg = Debug|Any CPU
		{4ABDFB46-9ABA-4C3D-BE82-92B481D5826E}.Debug|x64.Build.0 = Debug|Any CPU
		{4ABDFB46-9ABA-4C3D-BE82-92B481D5826E}.Debug|x86.ActiveCfg = Debug|Any CPU
		{4ABDFB46-9ABA-4C3D-BE82-92B481D5826E}.Debug|x86.Build.0 = Debug|Any CPU
		{4ABDFB46-9ABA-4C3D-BE82-92B481D5826E}.Release|.NET.ActiveCfg = Release|Any CPU
		{4ABDFB46-9ABA-4C3D-BE82-92B481D5826E}.Release|.NET.Build.0 = Release|Any CPU
		{4ABDFB46-9ABA-4C3D-BE82-92B481D5826E}.Release|Any CPU.ActiveCfg = Release|Any CPU
		{4ABDFB46-9ABA-4C3D-BE82-92B481D5826E}.Release|Any CPU.Build.0 = Release|Any CPU
		{4ABDFB46-9ABA-4C3D-BE82-92B481D5826E}.Release|x64.ActiveCfg = Release|Any CPU
		{4ABDFB46-9ABA-4C3D-BE82-92B481D5826E}.Release|x64.Build.0 = Release|Any CPU
		{4ABDFB46-9ABA-4C3D-BE82-92B481D5826E}.Release|x86.ActiveCfg = Release|Any CPU
		{4ABDFB46-9ABA-4C3D-BE82-92B481D5826E}.Release|x86.Build.0 = Release|Any CPU
		{C9DE9821-BA13-4528-B149-A3E990530AAD}.Debug|.NET.ActiveCfg = Debug|Any CPU
		{C9DE9821-BA13-4528-B149-A3E990530AAD}.Debug|.NET.Build.0 = Debug|Any CPU
		{C9DE9821-BA13-4528-B149-A3E990530AAD}.Debug|Any CPU.ActiveCfg = Debug|Any CPU
		{C9DE9821-BA13-4528-B149-A3E990530AAD}.Debug|Any CPU.Build.0 = Debug|Any CPU
		{C9DE9821-BA13-4528-B149-A3E990530AAD}.Debug|x64.ActiveCfg = Debug|Any CPU
		{C9DE9821-BA13-4528-B149-A3E990530AAD}.Debug|x64.Build.0 = Debug|Any CPU
		{C9DE9821-BA13-4528-B149-A3E990530AAD}.Debug|x86.ActiveCfg = Debug|Any CPU
		{C9DE9821-BA13-4528-B149-A3E990530AAD}.Debug|x86.Build.0 = Debug|Any CPU
		{C9DE9821-BA13-4528-B149-A3E990530AAD}.Release|.NET.ActiveCfg = Release|Any CPU
		{C9DE9821-BA13-4528-B149-A3E990530AAD}.Release|.NET.Build.0 = Release|Any CPU
		{C9DE9821-BA13-4528-B149-A3E990530AAD}.Release|Any CPU.ActiveCfg = Release|Any CPU
		{C9DE9821-BA13-4528-B149-A3E990530AAD}.Release|Any CPU.Build.0 = Release|Any CPU
		{C9DE9821-BA13-4528-B149-A3E990530AAD}.Release|x64.ActiveCfg = Release|Any CPU
		{C9DE9821-BA13-4528-B149-A3E990530AAD}.Release|x64.Build.0 = Release|Any CPU
		{C9DE9821-BA13-4528-B149-A3E990530AAD}.Release|x86.ActiveCfg = Release|Any CPU
		{C9DE9821-BA13-4528-B149-A3E990530AAD}.Release|x86.Build.0 = Release|Any CPU
		{0334A575-196C-470F-A2DF-75A599010FDC}.Debug|.NET.ActiveCfg = Debug|Any CPU
		{0334A575-196C-470F-A2DF-75A599010FDC}.Debug|.NET.Build.0 = Debug|Any CPU
		{0334A575-196C-470F-A2DF-75A599010FDC}.Debug|Any CPU.ActiveCfg = Debug|Any CPU
		{0334A575-196C-470F-A2DF-75A599010FDC}.Debug|Any CPU.Build.0 = Debug|Any CPU
		{0334A575-196C-470F-A2DF-75A599010FDC}.Debug|x64.ActiveCfg = Debug|Any CPU
		{0334A575-196C-470F-A2DF-75A599010FDC}.Debug|x64.Build.0 = Debug|Any CPU
		{0334A575-196C-470F-A2DF-75A599010FDC}.Debug|x86.ActiveCfg = Debug|Any CPU
		{0334A575-196C-470F-A2DF-75A599010FDC}.Debug|x86.Build.0 = Debug|Any CPU
		{0334A575-196C-470F-A2DF-75A599010FDC}.Release|.NET.ActiveCfg = Release|Any CPU
		{0334A575-196C-470F-A2DF-75A599010FDC}.Release|.NET.Build.0 = Release|Any CPU
		{0334A575-196C-470F-A2DF-75A599010FDC}.Release|Any CPU.ActiveCfg = Release|Any CPU
		{0334A575-196C-470F-A2DF-75A599010FDC}.Release|Any CPU.Build.0 = Release|Any CPU
		{0334A575-196C-470F-A2DF-75A599010FDC}.Release|x64.ActiveCfg = Release|Any CPU
		{0334A575-196C-470F-A2DF-75A599010FDC}.Release|x64.Build.0 = Release|Any CPU
		{0334A575-196C-470F-A2DF-75A599010FDC}.Release|x86.ActiveCfg = Release|Any CPU
		{0334A575-196C-470F-A2DF-75A599010FDC}.Release|x86.Build.0 = Release|Any CPU
		{BB28836A-AA83-49F0-802F-39D6847E3949}.Debug|.NET.ActiveCfg = Debug|Any CPU
		{BB28836A-AA83-49F0-802F-39D6847E3949}.Debug|.NET.Build.0 = Debug|Any CPU
		{BB28836A-AA83-49F0-802F-39D6847E3949}.Debug|Any CPU.ActiveCfg = Debug|Any CPU
		{BB28836A-AA83-49F0-802F-39D6847E3949}.Debug|Any CPU.Build.0 = Debug|Any CPU
		{BB28836A-AA83-49F0-802F-39D6847E3949}.Debug|x64.ActiveCfg = Debug|Any CPU
		{BB28836A-AA83-49F0-802F-39D6847E3949}.Debug|x64.Build.0 = Debug|Any CPU
		{BB28836A-AA83-49F0-802F-39D6847E3949}.Debug|x86.ActiveCfg = Debug|Any CPU
		{BB28836A-AA83-49F0-802F-39D6847E3949}.Debug|x86.Build.0 = Debug|Any CPU
		{BB28836A-AA83-49F0-802F-39D6847E3949}.Release|.NET.ActiveCfg = Release|Any CPU
		{BB28836A-AA83-49F0-802F-39D6847E3949}.Release|.NET.Build.0 = Release|Any CPU
		{BB28836A-AA83-49F0-802F-39D6847E3949}.Release|Any CPU.ActiveCfg = Release|Any CPU
		{BB28836A-AA83-49F0-802F-39D6847E3949}.Release|Any CPU.Build.0 = Release|Any CPU
		{BB28836A-AA83-49F0-802F-39D6847E3949}.Release|x64.ActiveCfg = Release|Any CPU
		{BB28836A-AA83-49F0-802F-39D6847E3949}.Release|x64.Build.0 = Release|Any CPU
		{BB28836A-AA83-49F0-802F-39D6847E3949}.Release|x86.ActiveCfg = Release|Any CPU
		{BB28836A-AA83-49F0-802F-39D6847E3949}.Release|x86.Build.0 = Release|Any CPU
		{517EC058-71E5-473C-AB9A-339623565AFC}.Debug|.NET.ActiveCfg = Debug|Any CPU
		{517EC058-71E5-473C-AB9A-339623565AFC}.Debug|.NET.Build.0 = Debug|Any CPU
		{517EC058-71E5-473C-AB9A-339623565AFC}.Debug|Any CPU.ActiveCfg = Debug|Any CPU
		{517EC058-71E5-473C-AB9A-339623565AFC}.Debug|Any CPU.Build.0 = Debug|Any CPU
		{517EC058-71E5-473C-AB9A-339623565AFC}.Debug|x64.ActiveCfg = Debug|Any CPU
		{517EC058-71E5-473C-AB9A-339623565AFC}.Debug|x64.Build.0 = Debug|Any CPU
		{517EC058-71E5-473C-AB9A-339623565AFC}.Debug|x86.ActiveCfg = Debug|Any CPU
		{517EC058-71E5-473C-AB9A-339623565AFC}.Debug|x86.Build.0 = Debug|Any CPU
		{517EC058-71E5-473C-AB9A-339623565AFC}.Release|.NET.ActiveCfg = Release|Any CPU
		{517EC058-71E5-473C-AB9A-339623565AFC}.Release|.NET.Build.0 = Release|Any CPU
		{517EC058-71E5-473C-AB9A-339623565AFC}.Release|Any CPU.ActiveCfg = Release|Any CPU
		{517EC058-71E5-473C-AB9A-339623565AFC}.Release|Any CPU.Build.0 = Release|Any CPU
		{517EC058-71E5-473C-AB9A-339623565AFC}.Release|x64.ActiveCfg = Release|Any CPU
		{517EC058-71E5-473C-AB9A-339623565AFC}.Release|x64.Build.0 = Release|Any CPU
		{517EC058-71E5-473C-AB9A-339623565AFC}.Release|x86.ActiveCfg = Release|Any CPU
		{517EC058-71E5-473C-AB9A-339623565AFC}.Release|x86.Build.0 = Release|Any CPU
		{08FEF1CB-B382-4C9D-AAFB-B85C790EAD96}.Debug|.NET.ActiveCfg = Debug|Any CPU
		{08FEF1CB-B382-4C9D-AAFB-B85C790EAD96}.Debug|.NET.Build.0 = Debug|Any CPU
		{08FEF1CB-B382-4C9D-AAFB-B85C790EAD96}.Debug|Any CPU.ActiveCfg = Debug|Any CPU
		{08FEF1CB-B382-4C9D-AAFB-B85C790EAD96}.Debug|Any CPU.Build.0 = Debug|Any CPU
		{08FEF1CB-B382-4C9D-AAFB-B85C790EAD96}.Debug|x64.ActiveCfg = Debug|Any CPU
		{08FEF1CB-B382-4C9D-AAFB-B85C790EAD96}.Debug|x64.Build.0 = Debug|Any CPU
		{08FEF1CB-B382-4C9D-AAFB-B85C790EAD96}.Debug|x86.ActiveCfg = Debug|Any CPU
		{08FEF1CB-B382-4C9D-AAFB-B85C790EAD96}.Debug|x86.Build.0 = Debug|Any CPU
		{08FEF1CB-B382-4C9D-AAFB-B85C790EAD96}.Release|.NET.ActiveCfg = Release|Any CPU
		{08FEF1CB-B382-4C9D-AAFB-B85C790EAD96}.Release|.NET.Build.0 = Release|Any CPU
		{08FEF1CB-B382-4C9D-AAFB-B85C790EAD96}.Release|Any CPU.ActiveCfg = Release|Any CPU
		{08FEF1CB-B382-4C9D-AAFB-B85C790EAD96}.Release|Any CPU.Build.0 = Release|Any CPU
		{08FEF1CB-B382-4C9D-AAFB-B85C790EAD96}.Release|x64.ActiveCfg = Release|Any CPU
		{08FEF1CB-B382-4C9D-AAFB-B85C790EAD96}.Release|x64.Build.0 = Release|Any CPU
		{08FEF1CB-B382-4C9D-AAFB-B85C790EAD96}.Release|x86.ActiveCfg = Release|Any CPU
		{08FEF1CB-B382-4C9D-AAFB-B85C790EAD96}.Release|x86.Build.0 = Release|Any CPU
		{448F2796-2D87-4165-9A11-81ED5D0EC62C}.Debug|.NET.ActiveCfg = Debug|Any CPU
		{448F2796-2D87-4165-9A11-81ED5D0EC62C}.Debug|.NET.Build.0 = Debug|Any CPU
		{448F2796-2D87-4165-9A11-81ED5D0EC62C}.Debug|Any CPU.ActiveCfg = Debug|Any CPU
		{448F2796-2D87-4165-9A11-81ED5D0EC62C}.Debug|Any CPU.Build.0 = Debug|Any CPU
		{448F2796-2D87-4165-9A11-81ED5D0EC62C}.Debug|x64.ActiveCfg = Debug|Any CPU
		{448F2796-2D87-4165-9A11-81ED5D0EC62C}.Debug|x64.Build.0 = Debug|Any CPU
		{448F2796-2D87-4165-9A11-81ED5D0EC62C}.Debug|x86.ActiveCfg = Debug|Any CPU
		{448F2796-2D87-4165-9A11-81ED5D0EC62C}.Debug|x86.Build.0 = Debug|Any CPU
		{448F2796-2D87-4165-9A11-81ED5D0EC62C}.Release|.NET.ActiveCfg = Release|Any CPU
		{448F2796-2D87-4165-9A11-81ED5D0EC62C}.Release|.NET.Build.0 = Release|Any CPU
		{448F2796-2D87-4165-9A11-81ED5D0EC62C}.Release|Any CPU.ActiveCfg = Release|Any CPU
		{448F2796-2D87-4165-9A11-81ED5D0EC62C}.Release|Any CPU.Build.0 = Release|Any CPU
		{448F2796-2D87-4165-9A11-81ED5D0EC62C}.Release|x64.ActiveCfg = Release|Any CPU
		{448F2796-2D87-4165-9A11-81ED5D0EC62C}.Release|x64.Build.0 = Release|Any CPU
		{448F2796-2D87-4165-9A11-81ED5D0EC62C}.Release|x86.ActiveCfg = Release|Any CPU
		{448F2796-2D87-4165-9A11-81ED5D0EC62C}.Release|x86.Build.0 = Release|Any CPU
		{85198616-FFA4-4FE2-83B2-C322E2F54FE2}.Debug|.NET.ActiveCfg = Debug|Any CPU
		{85198616-FFA4-4FE2-83B2-C322E2F54FE2}.Debug|.NET.Build.0 = Debug|Any CPU
		{85198616-FFA4-4FE2-83B2-C322E2F54FE2}.Debug|Any CPU.ActiveCfg = Debug|Any CPU
		{85198616-FFA4-4FE2-83B2-C322E2F54FE2}.Debug|Any CPU.Build.0 = Debug|Any CPU
		{85198616-FFA4-4FE2-83B2-C322E2F54FE2}.Debug|x64.ActiveCfg = Debug|Any CPU
		{85198616-FFA4-4FE2-83B2-C322E2F54FE2}.Debug|x64.Build.0 = Debug|Any CPU
		{85198616-FFA4-4FE2-83B2-C322E2F54FE2}.Debug|x86.ActiveCfg = Debug|Any CPU
		{85198616-FFA4-4FE2-83B2-C322E2F54FE2}.Debug|x86.Build.0 = Debug|Any CPU
		{85198616-FFA4-4FE2-83B2-C322E2F54FE2}.Release|.NET.ActiveCfg = Release|Any CPU
		{85198616-FFA4-4FE2-83B2-C322E2F54FE2}.Release|.NET.Build.0 = Release|Any CPU
		{85198616-FFA4-4FE2-83B2-C322E2F54FE2}.Release|Any CPU.ActiveCfg = Release|Any CPU
		{85198616-FFA4-4FE2-83B2-C322E2F54FE2}.Release|Any CPU.Build.0 = Release|Any CPU
		{85198616-FFA4-4FE2-83B2-C322E2F54FE2}.Release|x64.ActiveCfg = Release|Any CPU
		{85198616-FFA4-4FE2-83B2-C322E2F54FE2}.Release|x64.Build.0 = Release|Any CPU
		{85198616-FFA4-4FE2-83B2-C322E2F54FE2}.Release|x86.ActiveCfg = Release|Any CPU
		{85198616-FFA4-4FE2-83B2-C322E2F54FE2}.Release|x86.Build.0 = Release|Any CPU
		{DE4B2CCE-FBB9-464E-A307-B55D7DE60093}.Debug|.NET.ActiveCfg = Debug|Any CPU
		{DE4B2CCE-FBB9-464E-A307-B55D7DE60093}.Debug|.NET.Build.0 = Debug|Any CPU
		{DE4B2CCE-FBB9-464E-A307-B55D7DE60093}.Debug|Any CPU.ActiveCfg = Debug|Any CPU
		{DE4B2CCE-FBB9-464E-A307-B55D7DE60093}.Debug|Any CPU.Build.0 = Debug|Any CPU
		{DE4B2CCE-FBB9-464E-A307-B55D7DE60093}.Debug|x64.ActiveCfg = Debug|Any CPU
		{DE4B2CCE-FBB9-464E-A307-B55D7DE60093}.Debug|x64.Build.0 = Debug|Any CPU
		{DE4B2CCE-FBB9-464E-A307-B55D7DE60093}.Debug|x86.ActiveCfg = Debug|Any CPU
		{DE4B2CCE-FBB9-464E-A307-B55D7DE60093}.Debug|x86.Build.0 = Debug|Any CPU
		{DE4B2CCE-FBB9-464E-A307-B55D7DE60093}.Release|.NET.ActiveCfg = Release|Any CPU
		{DE4B2CCE-FBB9-464E-A307-B55D7DE60093}.Release|.NET.Build.0 = Release|Any CPU
		{DE4B2CCE-FBB9-464E-A307-B55D7DE60093}.Release|Any CPU.ActiveCfg = Release|Any CPU
		{DE4B2CCE-FBB9-464E-A307-B55D7DE60093}.Release|Any CPU.Build.0 = Release|Any CPU
		{DE4B2CCE-FBB9-464E-A307-B55D7DE60093}.Release|x64.ActiveCfg = Release|Any CPU
		{DE4B2CCE-FBB9-464E-A307-B55D7DE60093}.Release|x64.Build.0 = Release|Any CPU
		{DE4B2CCE-FBB9-464E-A307-B55D7DE60093}.Release|x86.ActiveCfg = Release|Any CPU
		{DE4B2CCE-FBB9-464E-A307-B55D7DE60093}.Release|x86.Build.0 = Release|Any CPU
	EndGlobalSection
	GlobalSection(SolutionProperties) = preSolution
		HideSolutionNode = FALSE
	EndGlobalSection
	GlobalSection(ExtensibilityGlobals) = postSolution
		SolutionGuid = {4EAE68F9-7FF3-4D91-AA57-7BB94190F4FC}
	EndGlobalSection
	GlobalSection(TestCaseManagementSettings) = postSolution
		CategoryFile = SQLSync.vsmdi
	EndGlobalSection
EndGlobal
